// !$*UTF8*$!
{
	archiveVersion = 1;
	classes = {
	};
	objectVersion = 56;
	objects = {

/* Begin PBXBuildFile section */
		32C359962BB3FB670098541C /* AnimateAvatar.swift in Sources */ = {isa = PBXBuildFile; fileRef = 32C359952BB3FB670098541C /* AnimateAvatar.swift */; };
		32E5FED32BB4BCF100CBB346 /* GameViewModel.swift in Sources */ = {isa = PBXBuildFile; fileRef = 32E5FED22BB4BCF100CBB346 /* GameViewModel.swift */; };
		32E5FED82BB4C61600CBB346 /* GameDetailView.swift in Sources */ = {isa = PBXBuildFile; fileRef = 32E5FED72BB4C61600CBB346 /* GameDetailView.swift */; };
		BFD6F4BF2BB3826400CFEA98 /* AnimateAvatar.swift in Sources */ = {isa = PBXBuildFile; fileRef = BFD6F4BE2BB3826400CFEA98 /* AnimateAvatar.swift */; };
		BFD6F4C12BB56D8100CFEA98 /* HouseFestivalView.swift in Sources */ = {isa = PBXBuildFile; fileRef = BFD6F4C02BB56D8100CFEA98 /* HouseFestivalView.swift */; };
		BFD6F4C32BB570B500CFEA98 /* HouseEventView.swift in Sources */ = {isa = PBXBuildFile; fileRef = BFD6F4C22BB570B500CFEA98 /* HouseEventView.swift */; };
		BFD6F4C52BB5735900CFEA98 /* HouseGamesView.swift in Sources */ = {isa = PBXBuildFile; fileRef = BFD6F4C42BB5735900CFEA98 /* HouseGamesView.swift */; };
		C22279082BAB5B6000B9B55C /* Housing.swift in Sources */ = {isa = PBXBuildFile; fileRef = C22279072BAB5B6000B9B55C /* Housing.swift */; };
		C222790A2BAB5B8500B9B55C /* HousingViewModel.swift in Sources */ = {isa = PBXBuildFile; fileRef = C22279092BAB5B8500B9B55C /* HousingViewModel.swift */; };
		C222790C2BAB5BCD00B9B55C /* HousingView.swift in Sources */ = {isa = PBXBuildFile; fileRef = C222790B2BAB5BCD00B9B55C /* HousingView.swift */; };
		C22279222BAB620400B9B55C /* HousingDetailView.swift in Sources */ = {isa = PBXBuildFile; fileRef = C22279212BAB620400B9B55C /* HousingDetailView.swift */; };
		C22279242BAB629F00B9B55C /* AddHousingOfferView.swift in Sources */ = {isa = PBXBuildFile; fileRef = C22279232BAB629F00B9B55C /* AddHousingOfferView.swift */; };
		C22279272BAB63FA00B9B55C /* HousingService.swift in Sources */ = {isa = PBXBuildFile; fileRef = C22279262BAB63FA00B9B55C /* HousingService.swift */; };
		C22ED51D2BB228AD00106C44 /* backgroundVideo.mp4 in Resources */ = {isa = PBXBuildFile; fileRef = C22ED51C2BB228AD00106C44 /* backgroundVideo.mp4 */; };
		C22ED5262BB2291700106C44 /* LogoOverlayView.swift in Sources */ = {isa = PBXBuildFile; fileRef = C22ED5202BB2291700106C44 /* LogoOverlayView.swift */; };
		C22ED5272BB2291700106C44 /* ProfileView.swift in Sources */ = {isa = PBXBuildFile; fileRef = C22ED5212BB2291700106C44 /* ProfileView.swift */; };
		C22ED5282BB2291700106C44 /* ImagePicker.swift in Sources */ = {isa = PBXBuildFile; fileRef = C22ED5222BB2291700106C44 /* ImagePicker.swift */; };
		C22ED5292BB2291700106C44 /* HouseView.swift in Sources */ = {isa = PBXBuildFile; fileRef = C22ED5232BB2291700106C44 /* HouseView.swift */; };
		C22ED52A2BB2291700106C44 /* ContactUsView.swift in Sources */ = {isa = PBXBuildFile; fileRef = C22ED5242BB2291700106C44 /* ContactUsView.swift */; };
		C22ED52B2BB2291700106C44 /* FAQView.swift in Sources */ = {isa = PBXBuildFile; fileRef = C22ED5252BB2291700106C44 /* FAQView.swift */; };
		C22ED52D2BB22A4900106C44 /* VideoBackGroundView.swift in Sources */ = {isa = PBXBuildFile; fileRef = C22ED52C2BB22A4900106C44 /* VideoBackGroundView.swift */; };
		C22ED52F2BB22ABC00106C44 /* BackGroundView.swift in Sources */ = {isa = PBXBuildFile; fileRef = C22ED52E2BB22ABC00106C44 /* BackGroundView.swift */; };
		C22ED5312BB22BD600106C44 /* MailView.swift in Sources */ = {isa = PBXBuildFile; fileRef = C22ED5302BB22BD600106C44 /* MailView.swift */; };
		C22ED5762BB37E7300106C44 /* Festival.swift in Sources */ = {isa = PBXBuildFile; fileRef = C22ED56B2BB37E7300106C44 /* Festival.swift */; };
		C22ED5772BB37E7300106C44 /* FestivalService.swift in Sources */ = {isa = PBXBuildFile; fileRef = C22ED56D2BB37E7300106C44 /* FestivalService.swift */; };
		C22ED5782BB37E7300106C44 /* FestivalViewModel.swift in Sources */ = {isa = PBXBuildFile; fileRef = C22ED56F2BB37E7300106C44 /* FestivalViewModel.swift */; };
		C22ED5792BB37E7300106C44 /* CircularProgressView.swift in Sources */ = {isa = PBXBuildFile; fileRef = C22ED5712BB37E7300106C44 /* CircularProgressView.swift */; };
		C22ED57B2BB37E7300106C44 /* SignupFestivalView.swift in Sources */ = {isa = PBXBuildFile; fileRef = C22ED5732BB37E7300106C44 /* SignupFestivalView.swift */; };
		C22ED5852BB37E8000106C44 /* Poste.swift in Sources */ = {isa = PBXBuildFile; fileRef = C22ED57C2BB37E8000106C44 /* Poste.swift */; };
		C22ED5862BB37E8000106C44 /* PosteService.swift in Sources */ = {isa = PBXBuildFile; fileRef = C22ED57E2BB37E8000106C44 /* PosteService.swift */; };
		C22ED5872BB37E8000106C44 /* PosteViewModel.swift in Sources */ = {isa = PBXBuildFile; fileRef = C22ED5802BB37E8000106C44 /* PosteViewModel.swift */; };
		C22ED5882BB37E8000106C44 /* PosteView.swift in Sources */ = {isa = PBXBuildFile; fileRef = C22ED5822BB37E8000106C44 /* PosteView.swift */; };
		C22ED58A2BB37F4300106C44 /* DateUtils.swift in Sources */ = {isa = PBXBuildFile; fileRef = C22ED5892BB37F4300106C44 /* DateUtils.swift */; };
		C22ED5BB2BB3807000106C44 /* 404_cat.riv in Resources */ = {isa = PBXBuildFile; fileRef = C22ED5A32BB3807000106C44 /* 404_cat.riv */; };
		C22ED5BC2BB3807000106C44 /* avatar_pack_use_case.riv in Resources */ = {isa = PBXBuildFile; fileRef = C22ED5A42BB3807000106C44 /* avatar_pack_use_case.riv */; };
		C22ED5BD2BB3807000106C44 /* game_charecter.riv in Resources */ = {isa = PBXBuildFile; fileRef = C22ED5A52BB3807000106C44 /* game_charecter.riv */; };
		C22ED5BE2BB3807000106C44 /* hey_ho_let's_go!.riv in Resources */ = {isa = PBXBuildFile; fileRef = C22ED5A62BB3807000106C44 /* hey_ho_let's_go!.riv */; };
		C22ED5BF2BB3807000106C44 /* noonnap.riv in Resources */ = {isa = PBXBuildFile; fileRef = C22ED5A72BB3807000106C44 /* noonnap.riv */; };
		C22ED5C02BB3807000106C44 /* sith_de_mayo.riv in Resources */ = {isa = PBXBuildFile; fileRef = C22ED5A82BB3807000106C44 /* sith_de_mayo.riv */; };
		C22ED5C12BB3807000106C44 /* skin_demo_2.riv in Resources */ = {isa = PBXBuildFile; fileRef = C22ED5A92BB3807000106C44 /* skin_demo_2.riv */; };
		C22ED5C22BB3807000106C44 /* button.riv in Resources */ = {isa = PBXBuildFile; fileRef = C22ED5AB2BB3807000106C44 /* button.riv */; };
		C22ED5C32BB3807000106C44 /* check.riv in Resources */ = {isa = PBXBuildFile; fileRef = C22ED5AC2BB3807000106C44 /* check.riv */; };
		C22ED5C42BB3807000106C44 /* chess.riv in Resources */ = {isa = PBXBuildFile; fileRef = C22ED5AD2BB3807000106C44 /* chess.riv */; };
		C22ED5C52BB3807000106C44 /* chess2.riv in Resources */ = {isa = PBXBuildFile; fileRef = C22ED5AE2BB3807000106C44 /* chess2.riv */; };
		C22ED5C62BB3807000106C44 /* chessactiontest.riv in Resources */ = {isa = PBXBuildFile; fileRef = C22ED5AF2BB3807000106C44 /* chessactiontest.riv */; };
		C22ED5C72BB3807000106C44 /* confetti.riv in Resources */ = {isa = PBXBuildFile; fileRef = C22ED5B02BB3807000106C44 /* confetti.riv */; };
		C22ED5C82BB3807000106C44 /* house.riv in Resources */ = {isa = PBXBuildFile; fileRef = C22ED5B12BB3807000106C44 /* house.riv */; };
		C22ED5C92BB3807000106C44 /* light_like.riv in Resources */ = {isa = PBXBuildFile; fileRef = C22ED5B22BB3807000106C44 /* light_like.riv */; };
		C22ED5CA2BB3807000106C44 /* menu_button.riv in Resources */ = {isa = PBXBuildFile; fileRef = C22ED5B32BB3807000106C44 /* menu_button.riv */; };
		C22ED5CB2BB3807000106C44 /* new_file.riv in Resources */ = {isa = PBXBuildFile; fileRef = C22ED5B42BB3807000106C44 /* new_file.riv */; };
		C22ED5CC2BB3807000106C44 /* nqueens.riv in Resources */ = {isa = PBXBuildFile; fileRef = C22ED5B52BB3807000106C44 /* nqueens.riv */; };
		C22ED5CD2BB3807000106C44 /* shapes.riv in Resources */ = {isa = PBXBuildFile; fileRef = C22ED5B62BB3807000106C44 /* shapes.riv */; };
		C22ED5CE2BB3807000106C44 /* start_button.riv in Resources */ = {isa = PBXBuildFile; fileRef = C22ED5B72BB3807000106C44 /* start_button.riv */; };
		C22ED5CF2BB3807000106C44 /* switch.riv in Resources */ = {isa = PBXBuildFile; fileRef = C22ED5B82BB3807000106C44 /* switch.riv */; };
		C22ED5D02BB3807000106C44 /* walking_working.riv in Resources */ = {isa = PBXBuildFile; fileRef = C22ED5B92BB3807000106C44 /* walking_working.riv */; };
		C28997E02BA0974D005A681E /* Projet_IOS_Ig4App.swift in Sources */ = {isa = PBXBuildFile; fileRef = C28997DF2BA0974D005A681E /* Projet_IOS_Ig4App.swift */; };
		C28997E22BA0974D005A681E /* ContentView.swift in Sources */ = {isa = PBXBuildFile; fileRef = C28997E12BA0974D005A681E /* ContentView.swift */; };
		C28997E42BA0974E005A681E /* Assets.xcassets in Resources */ = {isa = PBXBuildFile; fileRef = C28997E32BA0974E005A681E /* Assets.xcassets */; };
		C28997E72BA0974E005A681E /* Preview Assets.xcassets in Resources */ = {isa = PBXBuildFile; fileRef = C28997E62BA0974E005A681E /* Preview Assets.xcassets */; };
		C28997F12BA0974F005A681E /* Projet_IOS_Ig4Tests.swift in Sources */ = {isa = PBXBuildFile; fileRef = C28997F02BA0974F005A681E /* Projet_IOS_Ig4Tests.swift */; };
		C28997FB2BA0974F005A681E /* Projet_IOS_Ig4UITests.swift in Sources */ = {isa = PBXBuildFile; fileRef = C28997FA2BA0974F005A681E /* Projet_IOS_Ig4UITests.swift */; };
		C28997FD2BA0974F005A681E /* Projet_IOS_Ig4UITestsLaunchTests.swift in Sources */ = {isa = PBXBuildFile; fileRef = C28997FC2BA0974F005A681E /* Projet_IOS_Ig4UITestsLaunchTests.swift */; };
		C28998122BA097EE005A681E /* User.swift in Sources */ = {isa = PBXBuildFile; fileRef = C28998112BA097EE005A681E /* User.swift */; };
		C28998142BA09804005A681E /* AuthToken.swift in Sources */ = {isa = PBXBuildFile; fileRef = C28998132BA09804005A681E /* AuthToken.swift */; };
		C28998172BA0989C005A681E /* AuthService.swift in Sources */ = {isa = PBXBuildFile; fileRef = C28998162BA0989C005A681E /* AuthService.swift */; };
		C289981A2BA09901005A681E /* LoginViewModel.swift in Sources */ = {isa = PBXBuildFile; fileRef = C28998192BA09901005A681E /* LoginViewModel.swift */; };
		C289981D2BA0994D005A681E /* LoginView.swift in Sources */ = {isa = PBXBuildFile; fileRef = C289981C2BA0994D005A681E /* LoginView.swift */; };
		C289981F2BA09B25005A681E /* RegisterViewModel.swift in Sources */ = {isa = PBXBuildFile; fileRef = C289981E2BA09B25005A681E /* RegisterViewModel.swift */; };
		C28998212BA09B3C005A681E /* RegisterView.swift in Sources */ = {isa = PBXBuildFile; fileRef = C28998202BA09B3C005A681E /* RegisterView.swift */; };
		C28998242BA1A22D005A681E /* CustomButton.swift in Sources */ = {isa = PBXBuildFile; fileRef = C28998232BA1A22D005A681E /* CustomButton.swift */; };
		C289982D2BA22128005A681E /* CustomCalendarExampleController.swift in Sources */ = {isa = PBXBuildFile; fileRef = C289982A2BA22128005A681E /* CustomCalendarExampleController.swift */; };
		C289982E2BA22128005A681E /* DatePickerController.swift in Sources */ = {isa = PBXBuildFile; fileRef = C289982B2BA22128005A681E /* DatePickerController.swift */; };
		C28998302BA22258005A681E /* CalendarKit in Frameworks */ = {isa = PBXBuildFile; productRef = C289982F2BA22258005A681E /* CalendarKit */; };
		C28998322BA2235E005A681E /* CalendarKitView.swift in Sources */ = {isa = PBXBuildFile; fileRef = C28998312BA2235E005A681E /* CalendarKitView.swift */; };
		C28998392BA226A6005A681E /* CalendarView.swift in Sources */ = {isa = PBXBuildFile; fileRef = C28998372BA226A6005A681E /* CalendarView.swift */; };
		C289983A2BA226A6005A681E /* Decoration+SwiftUI.swift in Sources */ = {isa = PBXBuildFile; fileRef = C28998382BA226A6005A681E /* Decoration+SwiftUI.swift */; };
		C289983C2BA229F9005A681E /* CalendarContainerView.swift in Sources */ = {isa = PBXBuildFile; fileRef = C289983B2BA229F9005A681E /* CalendarContainerView.swift */; };
		C28998452BA2E961005A681E /* APIManager.swift in Sources */ = {isa = PBXBuildFile; fileRef = C28998442BA2E961005A681E /* APIManager.swift */; };
		C28998482BA2F022005A681E /* SessionManager.swift in Sources */ = {isa = PBXBuildFile; fileRef = C28998472BA2F022005A681E /* SessionManager.swift */; };
		C289984B2BA2F106005A681E /* KeychainSwift in Frameworks */ = {isa = PBXBuildFile; productRef = C289984A2BA2F106005A681E /* KeychainSwift */; };
		C28998512BA2FCAC005A681E /* PlanningService.swift in Sources */ = {isa = PBXBuildFile; fileRef = C28998502BA2FCAC005A681E /* PlanningService.swift */; };
		C28998532BA3016C005A681E /* Creneau.swift in Sources */ = {isa = PBXBuildFile; fileRef = C28998522BA3016C005A681E /* Creneau.swift */; };
		C28998552BA30554005A681E /* CalendarViewModel.swift in Sources */ = {isa = PBXBuildFile; fileRef = C28998542BA30554005A681E /* CalendarViewModel.swift */; };
		C28998612BA48A88005A681E /* Post.swift in Sources */ = {isa = PBXBuildFile; fileRef = C28998602BA48A88005A681E /* Post.swift */; };
		C28998632BA48AA0005A681E /* Like.swift in Sources */ = {isa = PBXBuildFile; fileRef = C28998622BA48AA0005A681E /* Like.swift */; };
		C28998652BA48AC2005A681E /* Comment.swift in Sources */ = {isa = PBXBuildFile; fileRef = C28998642BA48AC2005A681E /* Comment.swift */; };
		C28998672BA48C2C005A681E /* ForumViewModel.swift in Sources */ = {isa = PBXBuildFile; fileRef = C28998662BA48C2C005A681E /* ForumViewModel.swift */; };
		C289986A2BA48C74005A681E /* ForumService.swift in Sources */ = {isa = PBXBuildFile; fileRef = C28998692BA48C74005A681E /* ForumService.swift */; };
		C289986C2BA48D76005A681E /* FormView.swift in Sources */ = {isa = PBXBuildFile; fileRef = C289986B2BA48D76005A681E /* FormView.swift */; };
		C289986E2BA48DC8005A681E /* PostDetailView.swift in Sources */ = {isa = PBXBuildFile; fileRef = C289986D2BA48DC8005A681E /* PostDetailView.swift */; };
		C28998702BA48DE2005A681E /* NewPostView.swift in Sources */ = {isa = PBXBuildFile; fileRef = C289986F2BA48DE2005A681E /* NewPostView.swift */; };
		C28998762BA4986D005A681E /* VCard.swift in Sources */ = {isa = PBXBuildFile; fileRef = C28998752BA4986D005A681E /* VCard.swift */; };
		C28998792BA49B29005A681E /* Alamofire in Frameworks */ = {isa = PBXBuildFile; productRef = C28998782BA49B29005A681E /* Alamofire */; };
		C289987F2BA4C8BE005A681E /* RiveRuntime in Frameworks */ = {isa = PBXBuildFile; productRef = C289987E2BA4C8BE005A681E /* RiveRuntime */; };
		C28998812BA4C8E0005A681E /* testRive.swift in Sources */ = {isa = PBXBuildFile; fileRef = C28998802BA4C8E0005A681E /* testRive.swift */; };
		C28998872BA4D40E005A681E /* ZombieWalking.swift in Sources */ = {isa = PBXBuildFile; fileRef = C28998862BA4D40E005A681E /* ZombieWalking.swift */; };
		C289988C2BA4DACF005A681E /* AccueilView.swift in Sources */ = {isa = PBXBuildFile; fileRef = C289988B2BA4DACF005A681E /* AccueilView.swift */; };
		C2BF7A692BA5D6B900CB30BA /* PostView.swift in Sources */ = {isa = PBXBuildFile; fileRef = C2BF7A682BA5D6B900CB30BA /* PostView.swift */; };
		C2BF7A6C2BA5ED2600CB30BA /* CommentView.swift in Sources */ = {isa = PBXBuildFile; fileRef = C2BF7A6B2BA5ED2600CB30BA /* CommentView.swift */; };
		C2BF7A6E2BA5F57200CB30BA /* CommentInputView.swift in Sources */ = {isa = PBXBuildFile; fileRef = C2BF7A6D2BA5F57200CB30BA /* CommentInputView.swift */; };
		C2BF7A8D2BA9E8D700CB30BA /* Soiree.swift in Sources */ = {isa = PBXBuildFile; fileRef = C2BF7A8C2BA9E8D700CB30BA /* Soiree.swift */; };
		C2BF7A8F2BA9EAA700CB30BA /* EventViewModel.swift in Sources */ = {isa = PBXBuildFile; fileRef = C2BF7A8E2BA9EAA700CB30BA /* EventViewModel.swift */; };
		C2E592172BADD6C700DA3136 /* HousingCell.swift in Sources */ = {isa = PBXBuildFile; fileRef = C2E592162BADD6C700DA3136 /* HousingCell.swift */; };
		C2E5921E2BADF7C500DA3136 /* SoireesListView.swift in Sources */ = {isa = PBXBuildFile; fileRef = C2E5921D2BADF7C500DA3136 /* SoireesListView.swift */; };
		C2E592212BADF85800DA3136 /* EventDataService.swift in Sources */ = {isa = PBXBuildFile; fileRef = C2E592202BADF85800DA3136 /* EventDataService.swift */; };
		C2E592232BADFD5200DA3136 /* SoireeView.swift in Sources */ = {isa = PBXBuildFile; fileRef = C2E592222BADFD5200DA3136 /* SoireeView.swift */; };
		C2E592252BAEC96200DA3136 /* SoireeDetailView.swift in Sources */ = {isa = PBXBuildFile; fileRef = C2E592242BAEC96200DA3136 /* SoireeDetailView.swift */; };
/* End PBXBuildFile section */

/* Begin PBXContainerItemProxy section */
		C28997ED2BA0974F005A681E /* PBXContainerItemProxy */ = {
			isa = PBXContainerItemProxy;
			containerPortal = C28997D42BA0974D005A681E /* Project object */;
			proxyType = 1;
			remoteGlobalIDString = C28997DB2BA0974D005A681E;
			remoteInfo = Projet_IOS_Ig4;
		};
		C28997F72BA0974F005A681E /* PBXContainerItemProxy */ = {
			isa = PBXContainerItemProxy;
			containerPortal = C28997D42BA0974D005A681E /* Project object */;
			proxyType = 1;
			remoteGlobalIDString = C28997DB2BA0974D005A681E;
			remoteInfo = Projet_IOS_Ig4;
		};
/* End PBXContainerItemProxy section */

/* Begin PBXFileReference section */
		32C359952BB3FB670098541C /* AnimateAvatar.swift */ = {isa = PBXFileReference; lastKnownFileType = sourcecode.swift; path = AnimateAvatar.swift; sourceTree = "<group>"; };
		32E5FED22BB4BCF100CBB346 /* GameViewModel.swift */ = {isa = PBXFileReference; lastKnownFileType = sourcecode.swift; path = GameViewModel.swift; sourceTree = "<group>"; };
		32E5FED72BB4C61600CBB346 /* GameDetailView.swift */ = {isa = PBXFileReference; lastKnownFileType = sourcecode.swift; path = GameDetailView.swift; sourceTree = "<group>"; };
		BFD6F4BE2BB3826400CFEA98 /* AnimateAvatar.swift */ = {isa = PBXFileReference; fileEncoding = 4; lastKnownFileType = sourcecode.swift; path = AnimateAvatar.swift; sourceTree = "<group>"; };
		BFD6F4C02BB56D8100CFEA98 /* HouseFestivalView.swift */ = {isa = PBXFileReference; lastKnownFileType = sourcecode.swift; path = HouseFestivalView.swift; sourceTree = "<group>"; };
		BFD6F4C22BB570B500CFEA98 /* HouseEventView.swift */ = {isa = PBXFileReference; lastKnownFileType = sourcecode.swift; path = HouseEventView.swift; sourceTree = "<group>"; };
		BFD6F4C42BB5735900CFEA98 /* HouseGamesView.swift */ = {isa = PBXFileReference; lastKnownFileType = sourcecode.swift; path = HouseGamesView.swift; sourceTree = "<group>"; };
		C22279072BAB5B6000B9B55C /* Housing.swift */ = {isa = PBXFileReference; lastKnownFileType = sourcecode.swift; path = Housing.swift; sourceTree = "<group>"; };
		C22279092BAB5B8500B9B55C /* HousingViewModel.swift */ = {isa = PBXFileReference; lastKnownFileType = sourcecode.swift; path = HousingViewModel.swift; sourceTree = "<group>"; };
		C222790B2BAB5BCD00B9B55C /* HousingView.swift */ = {isa = PBXFileReference; lastKnownFileType = sourcecode.swift; path = HousingView.swift; sourceTree = "<group>"; };
		C22279212BAB620400B9B55C /* HousingDetailView.swift */ = {isa = PBXFileReference; lastKnownFileType = sourcecode.swift; path = HousingDetailView.swift; sourceTree = "<group>"; };
		C22279232BAB629F00B9B55C /* AddHousingOfferView.swift */ = {isa = PBXFileReference; lastKnownFileType = sourcecode.swift; path = AddHousingOfferView.swift; sourceTree = "<group>"; };
		C22279262BAB63FA00B9B55C /* HousingService.swift */ = {isa = PBXFileReference; lastKnownFileType = sourcecode.swift; path = HousingService.swift; sourceTree = "<group>"; };
		C22ED51C2BB228AD00106C44 /* backgroundVideo.mp4 */ = {isa = PBXFileReference; lastKnownFileType = file; path = backgroundVideo.mp4; sourceTree = "<group>"; };
		C22ED5202BB2291700106C44 /* LogoOverlayView.swift */ = {isa = PBXFileReference; fileEncoding = 4; lastKnownFileType = sourcecode.swift; name = LogoOverlayView.swift; path = Projet_IOS_Ig4/Auth/Views/LogoOverlayView.swift; sourceTree = SOURCE_ROOT; };
		C22ED5212BB2291700106C44 /* ProfileView.swift */ = {isa = PBXFileReference; fileEncoding = 4; lastKnownFileType = sourcecode.swift; name = ProfileView.swift; path = Projet_IOS_Ig4/Auth/Views/ProfileView.swift; sourceTree = SOURCE_ROOT; };
		C22ED5222BB2291700106C44 /* ImagePicker.swift */ = {isa = PBXFileReference; fileEncoding = 4; lastKnownFileType = sourcecode.swift; name = ImagePicker.swift; path = Projet_IOS_Ig4/Auth/Views/ImagePicker.swift; sourceTree = SOURCE_ROOT; };
		C22ED5232BB2291700106C44 /* HouseView.swift */ = {isa = PBXFileReference; fileEncoding = 4; lastKnownFileType = sourcecode.swift; name = HouseView.swift; path = Projet_IOS_Ig4/Auth/Views/HouseView.swift; sourceTree = SOURCE_ROOT; };
		C22ED5242BB2291700106C44 /* ContactUsView.swift */ = {isa = PBXFileReference; fileEncoding = 4; lastKnownFileType = sourcecode.swift; name = ContactUsView.swift; path = Projet_IOS_Ig4/Auth/Views/ContactUsView.swift; sourceTree = SOURCE_ROOT; };
		C22ED5252BB2291700106C44 /* FAQView.swift */ = {isa = PBXFileReference; fileEncoding = 4; lastKnownFileType = sourcecode.swift; name = FAQView.swift; path = Projet_IOS_Ig4/Auth/Views/FAQView.swift; sourceTree = SOURCE_ROOT; };
		C22ED52C2BB22A4900106C44 /* VideoBackGroundView.swift */ = {isa = PBXFileReference; lastKnownFileType = sourcecode.swift; path = VideoBackGroundView.swift; sourceTree = "<group>"; };
		C22ED52E2BB22ABC00106C44 /* BackGroundView.swift */ = {isa = PBXFileReference; lastKnownFileType = sourcecode.swift; path = BackGroundView.swift; sourceTree = "<group>"; };
		C22ED5302BB22BD600106C44 /* MailView.swift */ = {isa = PBXFileReference; lastKnownFileType = sourcecode.swift; path = MailView.swift; sourceTree = "<group>"; };
		C22ED56B2BB37E7300106C44 /* Festival.swift */ = {isa = PBXFileReference; fileEncoding = 4; lastKnownFileType = sourcecode.swift; path = Festival.swift; sourceTree = "<group>"; };
		C22ED56D2BB37E7300106C44 /* FestivalService.swift */ = {isa = PBXFileReference; fileEncoding = 4; lastKnownFileType = sourcecode.swift; path = FestivalService.swift; sourceTree = "<group>"; };
		C22ED56F2BB37E7300106C44 /* FestivalViewModel.swift */ = {isa = PBXFileReference; fileEncoding = 4; lastKnownFileType = sourcecode.swift; path = FestivalViewModel.swift; sourceTree = "<group>"; };
		C22ED5712BB37E7300106C44 /* CircularProgressView.swift */ = {isa = PBXFileReference; fileEncoding = 4; lastKnownFileType = sourcecode.swift; path = CircularProgressView.swift; sourceTree = "<group>"; };
		C22ED5732BB37E7300106C44 /* SignupFestivalView.swift */ = {isa = PBXFileReference; fileEncoding = 4; lastKnownFileType = sourcecode.swift; path = SignupFestivalView.swift; sourceTree = "<group>"; };
		C22ED57C2BB37E8000106C44 /* Poste.swift */ = {isa = PBXFileReference; fileEncoding = 4; lastKnownFileType = sourcecode.swift; path = Poste.swift; sourceTree = "<group>"; };
		C22ED57E2BB37E8000106C44 /* PosteService.swift */ = {isa = PBXFileReference; fileEncoding = 4; lastKnownFileType = sourcecode.swift; path = PosteService.swift; sourceTree = "<group>"; };
		C22ED5802BB37E8000106C44 /* PosteViewModel.swift */ = {isa = PBXFileReference; fileEncoding = 4; lastKnownFileType = sourcecode.swift; path = PosteViewModel.swift; sourceTree = "<group>"; };
		C22ED5822BB37E8000106C44 /* PosteView.swift */ = {isa = PBXFileReference; fileEncoding = 4; lastKnownFileType = sourcecode.swift; path = PosteView.swift; sourceTree = "<group>"; };
		C22ED5892BB37F4300106C44 /* DateUtils.swift */ = {isa = PBXFileReference; fileEncoding = 4; lastKnownFileType = sourcecode.swift; path = DateUtils.swift; sourceTree = "<group>"; };
		C22ED58B2BB37FA500106C44 /* 404_cat.riv */ = {isa = PBXFileReference; lastKnownFileType = file; path = 404_cat.riv; sourceTree = "<group>"; };
		C22ED58C2BB37FA500106C44 /* avatar_pack_use_case.riv */ = {isa = PBXFileReference; lastKnownFileType = file; path = avatar_pack_use_case.riv; sourceTree = "<group>"; };
		C22ED58D2BB37FA500106C44 /* game_charecter.riv */ = {isa = PBXFileReference; lastKnownFileType = file; path = game_charecter.riv; sourceTree = "<group>"; };
		C22ED58E2BB37FA500106C44 /* hey_ho_let's_go!.riv */ = {isa = PBXFileReference; lastKnownFileType = file; path = "hey_ho_let's_go!.riv"; sourceTree = "<group>"; };
		C22ED58F2BB37FA500106C44 /* noonnap.riv */ = {isa = PBXFileReference; lastKnownFileType = file; path = noonnap.riv; sourceTree = "<group>"; };
		C22ED5902BB37FA500106C44 /* sith_de_mayo.riv */ = {isa = PBXFileReference; lastKnownFileType = file; path = sith_de_mayo.riv; sourceTree = "<group>"; };
		C22ED5912BB37FA500106C44 /* skin_demo_2.riv */ = {isa = PBXFileReference; lastKnownFileType = file; path = skin_demo_2.riv; sourceTree = "<group>"; };
		C22ED5932BB37FA500106C44 /* button.riv */ = {isa = PBXFileReference; lastKnownFileType = file; path = button.riv; sourceTree = "<group>"; };
		C22ED5942BB37FA500106C44 /* check.riv */ = {isa = PBXFileReference; lastKnownFileType = file; path = check.riv; sourceTree = "<group>"; };
		C22ED5952BB37FA500106C44 /* chess.riv */ = {isa = PBXFileReference; lastKnownFileType = file; path = chess.riv; sourceTree = "<group>"; };
		C22ED5962BB37FA500106C44 /* chess2.riv */ = {isa = PBXFileReference; lastKnownFileType = file; path = chess2.riv; sourceTree = "<group>"; };
		C22ED5972BB37FA500106C44 /* chessactiontest.riv */ = {isa = PBXFileReference; lastKnownFileType = file; path = chessactiontest.riv; sourceTree = "<group>"; };
		C22ED5982BB37FA500106C44 /* confetti.riv */ = {isa = PBXFileReference; lastKnownFileType = file; path = confetti.riv; sourceTree = "<group>"; };
		C22ED5992BB37FA500106C44 /* house.riv */ = {isa = PBXFileReference; lastKnownFileType = file; path = house.riv; sourceTree = "<group>"; };
		C22ED59A2BB37FA500106C44 /* light_like.riv */ = {isa = PBXFileReference; lastKnownFileType = file; path = light_like.riv; sourceTree = "<group>"; };
		C22ED59B2BB37FA500106C44 /* menu_button.riv */ = {isa = PBXFileReference; lastKnownFileType = file; path = menu_button.riv; sourceTree = "<group>"; };
		C22ED59C2BB37FA500106C44 /* new_file.riv */ = {isa = PBXFileReference; lastKnownFileType = file; path = new_file.riv; sourceTree = "<group>"; };
		C22ED59D2BB37FA500106C44 /* nqueens.riv */ = {isa = PBXFileReference; lastKnownFileType = file; path = nqueens.riv; sourceTree = "<group>"; };
		C22ED59E2BB37FA500106C44 /* shapes.riv */ = {isa = PBXFileReference; lastKnownFileType = file; path = shapes.riv; sourceTree = "<group>"; };
		C22ED59F2BB37FA500106C44 /* start_button.riv */ = {isa = PBXFileReference; lastKnownFileType = file; path = start_button.riv; sourceTree = "<group>"; };
		C22ED5A02BB37FA500106C44 /* switch.riv */ = {isa = PBXFileReference; lastKnownFileType = file; path = switch.riv; sourceTree = "<group>"; };
		C22ED5A12BB37FA500106C44 /* walking_working.riv */ = {isa = PBXFileReference; lastKnownFileType = file; path = walking_working.riv; sourceTree = "<group>"; };
		C22ED5A32BB3807000106C44 /* 404_cat.riv */ = {isa = PBXFileReference; lastKnownFileType = file; path = 404_cat.riv; sourceTree = "<group>"; };
		C22ED5A42BB3807000106C44 /* avatar_pack_use_case.riv */ = {isa = PBXFileReference; lastKnownFileType = file; path = avatar_pack_use_case.riv; sourceTree = "<group>"; };
		C22ED5A52BB3807000106C44 /* game_charecter.riv */ = {isa = PBXFileReference; lastKnownFileType = file; path = game_charecter.riv; sourceTree = "<group>"; };
		C22ED5A62BB3807000106C44 /* hey_ho_let's_go!.riv */ = {isa = PBXFileReference; lastKnownFileType = file; path = "hey_ho_let's_go!.riv"; sourceTree = "<group>"; };
		C22ED5A72BB3807000106C44 /* noonnap.riv */ = {isa = PBXFileReference; lastKnownFileType = file; path = noonnap.riv; sourceTree = "<group>"; };
		C22ED5A82BB3807000106C44 /* sith_de_mayo.riv */ = {isa = PBXFileReference; lastKnownFileType = file; path = sith_de_mayo.riv; sourceTree = "<group>"; };
		C22ED5A92BB3807000106C44 /* skin_demo_2.riv */ = {isa = PBXFileReference; lastKnownFileType = file; path = skin_demo_2.riv; sourceTree = "<group>"; };
		C22ED5AB2BB3807000106C44 /* button.riv */ = {isa = PBXFileReference; lastKnownFileType = file; path = button.riv; sourceTree = "<group>"; };
		C22ED5AC2BB3807000106C44 /* check.riv */ = {isa = PBXFileReference; lastKnownFileType = file; path = check.riv; sourceTree = "<group>"; };
		C22ED5AD2BB3807000106C44 /* chess.riv */ = {isa = PBXFileReference; lastKnownFileType = file; path = chess.riv; sourceTree = "<group>"; };
		C22ED5AE2BB3807000106C44 /* chess2.riv */ = {isa = PBXFileReference; lastKnownFileType = file; path = chess2.riv; sourceTree = "<group>"; };
		C22ED5AF2BB3807000106C44 /* chessactiontest.riv */ = {isa = PBXFileReference; lastKnownFileType = file; path = chessactiontest.riv; sourceTree = "<group>"; };
		C22ED5B02BB3807000106C44 /* confetti.riv */ = {isa = PBXFileReference; lastKnownFileType = file; path = confetti.riv; sourceTree = "<group>"; };
		C22ED5B12BB3807000106C44 /* house.riv */ = {isa = PBXFileReference; lastKnownFileType = file; path = house.riv; sourceTree = "<group>"; };
		C22ED5B22BB3807000106C44 /* light_like.riv */ = {isa = PBXFileReference; lastKnownFileType = file; path = light_like.riv; sourceTree = "<group>"; };
		C22ED5B32BB3807000106C44 /* menu_button.riv */ = {isa = PBXFileReference; lastKnownFileType = file; path = menu_button.riv; sourceTree = "<group>"; };
		C22ED5B42BB3807000106C44 /* new_file.riv */ = {isa = PBXFileReference; lastKnownFileType = file; path = new_file.riv; sourceTree = "<group>"; };
		C22ED5B52BB3807000106C44 /* nqueens.riv */ = {isa = PBXFileReference; lastKnownFileType = file; path = nqueens.riv; sourceTree = "<group>"; };
		C22ED5B62BB3807000106C44 /* shapes.riv */ = {isa = PBXFileReference; lastKnownFileType = file; path = shapes.riv; sourceTree = "<group>"; };
		C22ED5B72BB3807000106C44 /* start_button.riv */ = {isa = PBXFileReference; lastKnownFileType = file; path = start_button.riv; sourceTree = "<group>"; };
		C22ED5B82BB3807000106C44 /* switch.riv */ = {isa = PBXFileReference; lastKnownFileType = file; path = switch.riv; sourceTree = "<group>"; };
		C22ED5B92BB3807000106C44 /* walking_working.riv */ = {isa = PBXFileReference; lastKnownFileType = file; path = walking_working.riv; sourceTree = "<group>"; };
		C28997DC2BA0974D005A681E /* Projet_IOS_Ig4.app */ = {isa = PBXFileReference; explicitFileType = wrapper.application; includeInIndex = 0; path = Projet_IOS_Ig4.app; sourceTree = BUILT_PRODUCTS_DIR; };
		C28997DF2BA0974D005A681E /* Projet_IOS_Ig4App.swift */ = {isa = PBXFileReference; lastKnownFileType = sourcecode.swift; path = Projet_IOS_Ig4App.swift; sourceTree = "<group>"; };
		C28997E12BA0974D005A681E /* ContentView.swift */ = {isa = PBXFileReference; lastKnownFileType = sourcecode.swift; path = ContentView.swift; sourceTree = "<group>"; };
		C28997E32BA0974E005A681E /* Assets.xcassets */ = {isa = PBXFileReference; lastKnownFileType = folder.assetcatalog; path = Assets.xcassets; sourceTree = "<group>"; };
		C28997E62BA0974E005A681E /* Preview Assets.xcassets */ = {isa = PBXFileReference; lastKnownFileType = folder.assetcatalog; path = "Preview Assets.xcassets"; sourceTree = "<group>"; };
		C28997EC2BA0974F005A681E /* Projet_IOS_Ig4Tests.xctest */ = {isa = PBXFileReference; explicitFileType = wrapper.cfbundle; includeInIndex = 0; path = Projet_IOS_Ig4Tests.xctest; sourceTree = BUILT_PRODUCTS_DIR; };
		C28997F02BA0974F005A681E /* Projet_IOS_Ig4Tests.swift */ = {isa = PBXFileReference; lastKnownFileType = sourcecode.swift; path = Projet_IOS_Ig4Tests.swift; sourceTree = "<group>"; };
		C28997F62BA0974F005A681E /* Projet_IOS_Ig4UITests.xctest */ = {isa = PBXFileReference; explicitFileType = wrapper.cfbundle; includeInIndex = 0; path = Projet_IOS_Ig4UITests.xctest; sourceTree = BUILT_PRODUCTS_DIR; };
		C28997FA2BA0974F005A681E /* Projet_IOS_Ig4UITests.swift */ = {isa = PBXFileReference; lastKnownFileType = sourcecode.swift; path = Projet_IOS_Ig4UITests.swift; sourceTree = "<group>"; };
		C28997FC2BA0974F005A681E /* Projet_IOS_Ig4UITestsLaunchTests.swift */ = {isa = PBXFileReference; lastKnownFileType = sourcecode.swift; path = Projet_IOS_Ig4UITestsLaunchTests.swift; sourceTree = "<group>"; };
		C28998112BA097EE005A681E /* User.swift */ = {isa = PBXFileReference; lastKnownFileType = sourcecode.swift; path = User.swift; sourceTree = "<group>"; };
		C28998132BA09804005A681E /* AuthToken.swift */ = {isa = PBXFileReference; lastKnownFileType = sourcecode.swift; path = AuthToken.swift; sourceTree = "<group>"; };
		C28998162BA0989C005A681E /* AuthService.swift */ = {isa = PBXFileReference; lastKnownFileType = sourcecode.swift; path = AuthService.swift; sourceTree = "<group>"; };
		C28998192BA09901005A681E /* LoginViewModel.swift */ = {isa = PBXFileReference; lastKnownFileType = sourcecode.swift; path = LoginViewModel.swift; sourceTree = "<group>"; };
		C289981C2BA0994D005A681E /* LoginView.swift */ = {isa = PBXFileReference; lastKnownFileType = sourcecode.swift; path = LoginView.swift; sourceTree = "<group>"; };
		C289981E2BA09B25005A681E /* RegisterViewModel.swift */ = {isa = PBXFileReference; lastKnownFileType = sourcecode.swift; path = RegisterViewModel.swift; sourceTree = "<group>"; };
		C28998202BA09B3C005A681E /* RegisterView.swift */ = {isa = PBXFileReference; lastKnownFileType = sourcecode.swift; path = RegisterView.swift; sourceTree = "<group>"; };
		C28998232BA1A22D005A681E /* CustomButton.swift */ = {isa = PBXFileReference; lastKnownFileType = sourcecode.swift; path = CustomButton.swift; sourceTree = "<group>"; };
		C289982A2BA22128005A681E /* CustomCalendarExampleController.swift */ = {isa = PBXFileReference; fileEncoding = 4; lastKnownFileType = sourcecode.swift; path = CustomCalendarExampleController.swift; sourceTree = "<group>"; };
		C289982B2BA22128005A681E /* DatePickerController.swift */ = {isa = PBXFileReference; fileEncoding = 4; lastKnownFileType = sourcecode.swift; path = DatePickerController.swift; sourceTree = "<group>"; };
		C28998312BA2235E005A681E /* CalendarKitView.swift */ = {isa = PBXFileReference; lastKnownFileType = sourcecode.swift; path = CalendarKitView.swift; sourceTree = "<group>"; };
		C28998372BA226A6005A681E /* CalendarView.swift */ = {isa = PBXFileReference; fileEncoding = 4; lastKnownFileType = sourcecode.swift; path = CalendarView.swift; sourceTree = "<group>"; };
		C28998382BA226A6005A681E /* Decoration+SwiftUI.swift */ = {isa = PBXFileReference; fileEncoding = 4; lastKnownFileType = sourcecode.swift; path = "Decoration+SwiftUI.swift"; sourceTree = "<group>"; };
		C289983B2BA229F9005A681E /* CalendarContainerView.swift */ = {isa = PBXFileReference; lastKnownFileType = sourcecode.swift; path = CalendarContainerView.swift; sourceTree = "<group>"; };
		C28998442BA2E961005A681E /* APIManager.swift */ = {isa = PBXFileReference; lastKnownFileType = sourcecode.swift; path = APIManager.swift; sourceTree = "<group>"; };
		C28998472BA2F022005A681E /* SessionManager.swift */ = {isa = PBXFileReference; lastKnownFileType = sourcecode.swift; path = SessionManager.swift; sourceTree = "<group>"; };
		C28998502BA2FCAC005A681E /* PlanningService.swift */ = {isa = PBXFileReference; lastKnownFileType = sourcecode.swift; path = PlanningService.swift; sourceTree = "<group>"; };
		C28998522BA3016C005A681E /* Creneau.swift */ = {isa = PBXFileReference; lastKnownFileType = sourcecode.swift; path = Creneau.swift; sourceTree = "<group>"; };
		C28998542BA30554005A681E /* CalendarViewModel.swift */ = {isa = PBXFileReference; lastKnownFileType = sourcecode.swift; path = CalendarViewModel.swift; sourceTree = "<group>"; };
		C28998602BA48A88005A681E /* Post.swift */ = {isa = PBXFileReference; lastKnownFileType = sourcecode.swift; path = Post.swift; sourceTree = "<group>"; };
		C28998622BA48AA0005A681E /* Like.swift */ = {isa = PBXFileReference; lastKnownFileType = sourcecode.swift; path = Like.swift; sourceTree = "<group>"; };
		C28998642BA48AC2005A681E /* Comment.swift */ = {isa = PBXFileReference; lastKnownFileType = sourcecode.swift; path = Comment.swift; sourceTree = "<group>"; };
		C28998662BA48C2C005A681E /* ForumViewModel.swift */ = {isa = PBXFileReference; lastKnownFileType = sourcecode.swift; path = ForumViewModel.swift; sourceTree = "<group>"; };
		C28998692BA48C74005A681E /* ForumService.swift */ = {isa = PBXFileReference; lastKnownFileType = sourcecode.swift; path = ForumService.swift; sourceTree = "<group>"; };
		C289986B2BA48D76005A681E /* FormView.swift */ = {isa = PBXFileReference; lastKnownFileType = sourcecode.swift; path = FormView.swift; sourceTree = "<group>"; };
		C289986D2BA48DC8005A681E /* PostDetailView.swift */ = {isa = PBXFileReference; lastKnownFileType = sourcecode.swift; path = PostDetailView.swift; sourceTree = "<group>"; };
		C289986F2BA48DE2005A681E /* NewPostView.swift */ = {isa = PBXFileReference; lastKnownFileType = sourcecode.swift; path = NewPostView.swift; sourceTree = "<group>"; };
		C28998752BA4986D005A681E /* VCard.swift */ = {isa = PBXFileReference; lastKnownFileType = sourcecode.swift; path = VCard.swift; sourceTree = "<group>"; };
		C28998802BA4C8E0005A681E /* testRive.swift */ = {isa = PBXFileReference; lastKnownFileType = sourcecode.swift; path = testRive.swift; sourceTree = "<group>"; };
		C28998862BA4D40E005A681E /* ZombieWalking.swift */ = {isa = PBXFileReference; lastKnownFileType = sourcecode.swift; path = ZombieWalking.swift; sourceTree = "<group>"; };
		C289988B2BA4DACF005A681E /* AccueilView.swift */ = {isa = PBXFileReference; lastKnownFileType = sourcecode.swift; path = AccueilView.swift; sourceTree = "<group>"; };
		C2BF7A682BA5D6B900CB30BA /* PostView.swift */ = {isa = PBXFileReference; lastKnownFileType = sourcecode.swift; path = PostView.swift; sourceTree = "<group>"; };
		C2BF7A6B2BA5ED2600CB30BA /* CommentView.swift */ = {isa = PBXFileReference; lastKnownFileType = sourcecode.swift; path = CommentView.swift; sourceTree = "<group>"; };
		C2BF7A6D2BA5F57200CB30BA /* CommentInputView.swift */ = {isa = PBXFileReference; lastKnownFileType = sourcecode.swift; path = CommentInputView.swift; sourceTree = "<group>"; };
		C2BF7A8C2BA9E8D700CB30BA /* Soiree.swift */ = {isa = PBXFileReference; lastKnownFileType = sourcecode.swift; path = Soiree.swift; sourceTree = "<group>"; };
		C2BF7A8E2BA9EAA700CB30BA /* EventViewModel.swift */ = {isa = PBXFileReference; lastKnownFileType = sourcecode.swift; path = EventViewModel.swift; sourceTree = "<group>"; };
		C2E592162BADD6C700DA3136 /* HousingCell.swift */ = {isa = PBXFileReference; lastKnownFileType = sourcecode.swift; path = HousingCell.swift; sourceTree = "<group>"; };
		C2E5921D2BADF7C500DA3136 /* SoireesListView.swift */ = {isa = PBXFileReference; lastKnownFileType = sourcecode.swift; path = SoireesListView.swift; sourceTree = "<group>"; };
		C2E592202BADF85800DA3136 /* EventDataService.swift */ = {isa = PBXFileReference; lastKnownFileType = sourcecode.swift; path = EventDataService.swift; sourceTree = "<group>"; };
		C2E592222BADFD5200DA3136 /* SoireeView.swift */ = {isa = PBXFileReference; lastKnownFileType = sourcecode.swift; path = SoireeView.swift; sourceTree = "<group>"; };
		C2E592242BAEC96200DA3136 /* SoireeDetailView.swift */ = {isa = PBXFileReference; lastKnownFileType = sourcecode.swift; path = SoireeDetailView.swift; sourceTree = "<group>"; };
/* End PBXFileReference section */

/* Begin PBXFrameworksBuildPhase section */
		C28997D92BA0974D005A681E /* Frameworks */ = {
			isa = PBXFrameworksBuildPhase;
			buildActionMask = 2147483647;
			files = (
				C28998792BA49B29005A681E /* Alamofire in Frameworks */,
				C289987F2BA4C8BE005A681E /* RiveRuntime in Frameworks */,
				C28998302BA22258005A681E /* CalendarKit in Frameworks */,
				C289984B2BA2F106005A681E /* KeychainSwift in Frameworks */,
			);
			runOnlyForDeploymentPostprocessing = 0;
		};
		C28997E92BA0974F005A681E /* Frameworks */ = {
			isa = PBXFrameworksBuildPhase;
			buildActionMask = 2147483647;
			files = (
			);
			runOnlyForDeploymentPostprocessing = 0;
		};
		C28997F32BA0974F005A681E /* Frameworks */ = {
			isa = PBXFrameworksBuildPhase;
			buildActionMask = 2147483647;
			files = (
			);
			runOnlyForDeploymentPostprocessing = 0;
		};
/* End PBXFrameworksBuildPhase section */

/* Begin PBXGroup section */
		32E5FED12BB4BCD300CBB346 /* Game */ = {
			isa = PBXGroup;
			children = (
				32E5FED62BB4C60200CBB346 /* Views */,
				32E5FED42BB4BD0500CBB346 /* ViewModels */,
			);
			path = Game;
			sourceTree = "<group>";
		};
		32E5FED42BB4BD0500CBB346 /* ViewModels */ = {
			isa = PBXGroup;
			children = (
				32E5FED22BB4BCF100CBB346 /* GameViewModel.swift */,
			);
			path = ViewModels;
			sourceTree = "<group>";
		};
		32E5FED62BB4C60200CBB346 /* Views */ = {
			isa = PBXGroup;
			children = (
				32E5FED72BB4C61600CBB346 /* GameDetailView.swift */,
			);
			path = Views;
			sourceTree = "<group>";
		};
		C22279032BAB5AF900B9B55C /* Logement */ = {
			isa = PBXGroup;
			children = (
				C22279252BAB63DB00B9B55C /* HouseService */,
				C22279062BAB5B2400B9B55C /* Views */,
				C22279052BAB5B1800B9B55C /* ViewModels */,
				C22279042BAB5B1000B9B55C /* Models */,
			);
			path = Logement;
			sourceTree = "<group>";
		};
		C22279042BAB5B1000B9B55C /* Models */ = {
			isa = PBXGroup;
			children = (
				C22279072BAB5B6000B9B55C /* Housing.swift */,
			);
			path = Models;
			sourceTree = "<group>";
		};
		C22279052BAB5B1800B9B55C /* ViewModels */ = {
			isa = PBXGroup;
			children = (
				C22279092BAB5B8500B9B55C /* HousingViewModel.swift */,
			);
			path = ViewModels;
			sourceTree = "<group>";
		};
		C22279062BAB5B2400B9B55C /* Views */ = {
			isa = PBXGroup;
			children = (
				C222790B2BAB5BCD00B9B55C /* HousingView.swift */,
				C22279212BAB620400B9B55C /* HousingDetailView.swift */,
				C22279232BAB629F00B9B55C /* AddHousingOfferView.swift */,
				C2E592162BADD6C700DA3136 /* HousingCell.swift */,
				C22ED5302BB22BD600106C44 /* MailView.swift */,
			);
			path = Views;
			sourceTree = "<group>";
		};
		C22279252BAB63DB00B9B55C /* HouseService */ = {
			isa = PBXGroup;
			children = (
				C22279262BAB63FA00B9B55C /* HousingService.swift */,
			);
			path = HouseService;
			sourceTree = "<group>";
		};
		C22ED56C2BB37E7300106C44 /* Models */ = {
			isa = PBXGroup;
			children = (
				C22ED56B2BB37E7300106C44 /* Festival.swift */,
			);
			path = Models;
			sourceTree = "<group>";
		};
		C22ED56E2BB37E7300106C44 /* Networking */ = {
			isa = PBXGroup;
			children = (
				C22ED56D2BB37E7300106C44 /* FestivalService.swift */,
			);
			path = Networking;
			sourceTree = "<group>";
		};
		C22ED5702BB37E7300106C44 /* ViewModels */ = {
			isa = PBXGroup;
			children = (
				C22ED56F2BB37E7300106C44 /* FestivalViewModel.swift */,
			);
			path = ViewModels;
			sourceTree = "<group>";
		};
		C22ED5742BB37E7300106C44 /* Views */ = {
			isa = PBXGroup;
			children = (
				C22ED5712BB37E7300106C44 /* CircularProgressView.swift */,
				C22ED5732BB37E7300106C44 /* SignupFestivalView.swift */,
			);
			path = Views;
			sourceTree = "<group>";
		};
		C22ED5752BB37E7300106C44 /* Festival */ = {
			isa = PBXGroup;
			children = (
				C22ED56C2BB37E7300106C44 /* Models */,
				C22ED56E2BB37E7300106C44 /* Networking */,
				C22ED5702BB37E7300106C44 /* ViewModels */,
				C22ED5742BB37E7300106C44 /* Views */,
			);
			name = Festival;
			path = Projet_IOS_Ig4/Festival;
			sourceTree = SOURCE_ROOT;
		};
		C22ED57D2BB37E8000106C44 /* Models */ = {
			isa = PBXGroup;
			children = (
				C22ED57C2BB37E8000106C44 /* Poste.swift */,
			);
			path = Models;
			sourceTree = "<group>";
		};
		C22ED57F2BB37E8000106C44 /* Networking */ = {
			isa = PBXGroup;
			children = (
				C22ED57E2BB37E8000106C44 /* PosteService.swift */,
			);
			path = Networking;
			sourceTree = "<group>";
		};
		C22ED5812BB37E8000106C44 /* ViewModels */ = {
			isa = PBXGroup;
			children = (
				C22ED5802BB37E8000106C44 /* PosteViewModel.swift */,
			);
			path = ViewModels;
			sourceTree = "<group>";
		};
		C22ED5832BB37E8000106C44 /* Views */ = {
			isa = PBXGroup;
			children = (
				C22ED5822BB37E8000106C44 /* PosteView.swift */,
			);
			path = Views;
			sourceTree = "<group>";
		};
		C22ED5842BB37E8000106C44 /* Poste */ = {
			isa = PBXGroup;
			children = (
				C22ED57D2BB37E8000106C44 /* Models */,
				C22ED57F2BB37E8000106C44 /* Networking */,
				C22ED5812BB37E8000106C44 /* ViewModels */,
				C22ED5832BB37E8000106C44 /* Views */,
			);
			name = Poste;
			path = Projet_IOS_Ig4/Poste;
			sourceTree = SOURCE_ROOT;
		};
		C22ED5922BB37FA500106C44 /* avatar */ = {
			isa = PBXGroup;
			children = (
				C22ED58B2BB37FA500106C44 /* 404_cat.riv */,
				C22ED58C2BB37FA500106C44 /* avatar_pack_use_case.riv */,
				C22ED58D2BB37FA500106C44 /* game_charecter.riv */,
				C22ED58E2BB37FA500106C44 /* hey_ho_let's_go!.riv */,
				C22ED58F2BB37FA500106C44 /* noonnap.riv */,
				C22ED5902BB37FA500106C44 /* sith_de_mayo.riv */,
				C22ED5912BB37FA500106C44 /* skin_demo_2.riv */,
			);
			path = avatar;
			sourceTree = "<group>";
		};
		C22ED5A22BB37FA500106C44 /* RiveAsset */ = {
			isa = PBXGroup;
			children = (
				C22ED5922BB37FA500106C44 /* avatar */,
				C22ED5932BB37FA500106C44 /* button.riv */,
				C22ED5942BB37FA500106C44 /* check.riv */,
				C22ED5952BB37FA500106C44 /* chess.riv */,
				C22ED5962BB37FA500106C44 /* chess2.riv */,
				C22ED5972BB37FA500106C44 /* chessactiontest.riv */,
				C22ED5982BB37FA500106C44 /* confetti.riv */,
				C22ED5992BB37FA500106C44 /* house.riv */,
				C22ED59A2BB37FA500106C44 /* light_like.riv */,
				C22ED59B2BB37FA500106C44 /* menu_button.riv */,
				C22ED59C2BB37FA500106C44 /* new_file.riv */,
				C22ED59D2BB37FA500106C44 /* nqueens.riv */,
				C22ED59E2BB37FA500106C44 /* shapes.riv */,
				C22ED59F2BB37FA500106C44 /* start_button.riv */,
				C22ED5A02BB37FA500106C44 /* switch.riv */,
				C22ED5A12BB37FA500106C44 /* walking_working.riv */,
			);
			name = RiveAsset;
			path = Projet_IOS_Ig4/RiveAsset;
			sourceTree = "<group>";
		};
		C22ED5AA2BB3807000106C44 /* avatar */ = {
			isa = PBXGroup;
			children = (
				C22ED5A32BB3807000106C44 /* 404_cat.riv */,
				C22ED5A42BB3807000106C44 /* avatar_pack_use_case.riv */,
				C22ED5A52BB3807000106C44 /* game_charecter.riv */,
				C22ED5A62BB3807000106C44 /* hey_ho_let's_go!.riv */,
				C22ED5A72BB3807000106C44 /* noonnap.riv */,
				C22ED5A82BB3807000106C44 /* sith_de_mayo.riv */,
				C22ED5A92BB3807000106C44 /* skin_demo_2.riv */,
			);
			path = avatar;
			sourceTree = "<group>";
		};
		C22ED5BA2BB3807000106C44 /* RiveAsset */ = {
			isa = PBXGroup;
			children = (
				C22ED5AA2BB3807000106C44 /* avatar */,
				C22ED5AB2BB3807000106C44 /* button.riv */,
				C22ED5AC2BB3807000106C44 /* check.riv */,
				C22ED5AD2BB3807000106C44 /* chess.riv */,
				C22ED5AE2BB3807000106C44 /* chess2.riv */,
				C22ED5AF2BB3807000106C44 /* chessactiontest.riv */,
				C22ED5B02BB3807000106C44 /* confetti.riv */,
				C22ED5B12BB3807000106C44 /* house.riv */,
				C22ED5B22BB3807000106C44 /* light_like.riv */,
				C22ED5B32BB3807000106C44 /* menu_button.riv */,
				C22ED5B42BB3807000106C44 /* new_file.riv */,
				C22ED5B52BB3807000106C44 /* nqueens.riv */,
				C22ED5B62BB3807000106C44 /* shapes.riv */,
				C22ED5B72BB3807000106C44 /* start_button.riv */,
				C22ED5B82BB3807000106C44 /* switch.riv */,
				C22ED5B92BB3807000106C44 /* walking_working.riv */,
			);
			path = RiveAsset;
			sourceTree = "<group>";
		};
		C28997D32BA0974D005A681E = {
			isa = PBXGroup;
			children = (
				C22ED5A22BB37FA500106C44 /* RiveAsset */,
				C28997DE2BA0974D005A681E /* Projet_IOS_Ig4 */,
				C28997EF2BA0974F005A681E /* Projet_IOS_Ig4Tests */,
				C28997F92BA0974F005A681E /* Projet_IOS_Ig4UITests */,
				C28997DD2BA0974D005A681E /* Products */,
			);
			sourceTree = "<group>";
		};
		C28997DD2BA0974D005A681E /* Products */ = {
			isa = PBXGroup;
			children = (
				C28997DC2BA0974D005A681E /* Projet_IOS_Ig4.app */,
				C28997EC2BA0974F005A681E /* Projet_IOS_Ig4Tests.xctest */,
				C28997F62BA0974F005A681E /* Projet_IOS_Ig4UITests.xctest */,
			);
			name = Products;
			sourceTree = "<group>";
		};
		C28997DE2BA0974D005A681E /* Projet_IOS_Ig4 */ = {
			isa = PBXGroup;
			children = (
				32E5FED12BB4BCD300CBB346 /* Game */,
				C22ED5BA2BB3807000106C44 /* RiveAsset */,
				C22ED5752BB37E7300106C44 /* Festival */,
				C22ED5842BB37E8000106C44 /* Poste */,
				C22ED51C2BB228AD00106C44 /* backgroundVideo.mp4 */,
				C22279032BAB5AF900B9B55C /* Logement */,
				C2BF7A852BA9E72800CB30BA /* Event */,
				C28998592BA48985005A681E /* Forum */,
				C289983E2BA2E827005A681E /* Utils */,
				C28998282BA220A7005A681E /* Calendar */,
				C28998222BA1A208005A681E /* Components */,
				C28998092BA09764005A681E /* Auth */,
				C28997DF2BA0974D005A681E /* Projet_IOS_Ig4App.swift */,
				C28997E12BA0974D005A681E /* ContentView.swift */,
				C28997E32BA0974E005A681E /* Assets.xcassets */,
				C28997E52BA0974E005A681E /* Preview Content */,
			);
			path = Projet_IOS_Ig4;
			sourceTree = "<group>";
		};
		C28997E52BA0974E005A681E /* Preview Content */ = {
			isa = PBXGroup;
			children = (
				C28997E62BA0974E005A681E /* Preview Assets.xcassets */,
			);
			path = "Preview Content";
			sourceTree = "<group>";
		};
		C28997EF2BA0974F005A681E /* Projet_IOS_Ig4Tests */ = {
			isa = PBXGroup;
			children = (
				C28997F02BA0974F005A681E /* Projet_IOS_Ig4Tests.swift */,
			);
			path = Projet_IOS_Ig4Tests;
			sourceTree = "<group>";
		};
		C28997F92BA0974F005A681E /* Projet_IOS_Ig4UITests */ = {
			isa = PBXGroup;
			children = (
				C28997FA2BA0974F005A681E /* Projet_IOS_Ig4UITests.swift */,
				C28997FC2BA0974F005A681E /* Projet_IOS_Ig4UITestsLaunchTests.swift */,
			);
			path = Projet_IOS_Ig4UITests;
			sourceTree = "<group>";
		};
		C28998092BA09764005A681E /* Auth */ = {
			isa = PBXGroup;
			children = (
				C289981B2BA09938005A681E /* Views */,
				C28998182BA098EF005A681E /* ViewModels */,
				C28998152BA09876005A681E /* Networking */,
				C28998102BA097C3005A681E /* Models */,
				C28998472BA2F022005A681E /* SessionManager.swift */,
			);
			path = Auth;
			sourceTree = "<group>";
		};
		C28998102BA097C3005A681E /* Models */ = {
			isa = PBXGroup;
			children = (
				C28998112BA097EE005A681E /* User.swift */,
				C28998132BA09804005A681E /* AuthToken.swift */,
			);
			path = Models;
			sourceTree = "<group>";
		};
		C28998152BA09876005A681E /* Networking */ = {
			isa = PBXGroup;
			children = (
				C28998162BA0989C005A681E /* AuthService.swift */,
			);
			path = Networking;
			sourceTree = "<group>";
		};
		C28998182BA098EF005A681E /* ViewModels */ = {
			isa = PBXGroup;
			children = (
				C28998192BA09901005A681E /* LoginViewModel.swift */,
				C289981E2BA09B25005A681E /* RegisterViewModel.swift */,
			);
			path = ViewModels;
			sourceTree = "<group>";
		};
		C289981B2BA09938005A681E /* Views */ = {
			isa = PBXGroup;
			children = (
				C22ED5242BB2291700106C44 /* ContactUsView.swift */,
				C22ED5252BB2291700106C44 /* FAQView.swift */,
				C22ED5232BB2291700106C44 /* HouseView.swift */,
				C22ED5222BB2291700106C44 /* ImagePicker.swift */,
				C22ED5202BB2291700106C44 /* LogoOverlayView.swift */,
				C22ED5212BB2291700106C44 /* ProfileView.swift */,
				C289981C2BA0994D005A681E /* LoginView.swift */,
				C28998202BA09B3C005A681E /* RegisterView.swift */,
				BFD6F4C02BB56D8100CFEA98 /* HouseFestivalView.swift */,
				BFD6F4C22BB570B500CFEA98 /* HouseEventView.swift */,
				BFD6F4C42BB5735900CFEA98 /* HouseGamesView.swift */,
			);
			path = Views;
			sourceTree = "<group>";
		};
		C28998222BA1A208005A681E /* Components */ = {
			isa = PBXGroup;
			children = (
				C28998232BA1A22D005A681E /* CustomButton.swift */,
				C28998752BA4986D005A681E /* VCard.swift */,
				C28998802BA4C8E0005A681E /* testRive.swift */,
				C28998862BA4D40E005A681E /* ZombieWalking.swift */,
				C289988B2BA4DACF005A681E /* AccueilView.swift */,
				C22ED52C2BB22A4900106C44 /* VideoBackGroundView.swift */,
				C22ED52E2BB22ABC00106C44 /* BackGroundView.swift */,
			);
			path = Components;
			sourceTree = "<group>";
		};
		C28998282BA220A7005A681E /* Calendar */ = {
			isa = PBXGroup;
			children = (
				C289983D2BA2E020005A681E /* CalendarKit */,
				C28998372BA226A6005A681E /* CalendarView.swift */,
				C28998382BA226A6005A681E /* Decoration+SwiftUI.swift */,
				C289983B2BA229F9005A681E /* CalendarContainerView.swift */,
			);
			path = Calendar;
			sourceTree = "<group>";
		};
		C289983D2BA2E020005A681E /* CalendarKit */ = {
			isa = PBXGroup;
			children = (
				C28998562BA306A5005A681E /* Controller */,
				C289984F2BA2FBEA005A681E /* Networking */,
				C289984E2BA2FBD8005A681E /* ViewModels */,
				C289984D2BA2FBCF005A681E /* Models */,
				C289984C2BA2FBAF005A681E /* Views */,
			);
			path = CalendarKit;
			sourceTree = "<group>";
		};
		C289983E2BA2E827005A681E /* Utils */ = {
			isa = PBXGroup;
			children = (
				C22ED5892BB37F4300106C44 /* DateUtils.swift */,
				C28998442BA2E961005A681E /* APIManager.swift */,
			);
			path = Utils;
			sourceTree = "<group>";
		};
		C289984C2BA2FBAF005A681E /* Views */ = {
			isa = PBXGroup;
			children = (
				C28998312BA2235E005A681E /* CalendarKitView.swift */,
			);
			path = Views;
			sourceTree = "<group>";
		};
		C289984D2BA2FBCF005A681E /* Models */ = {
			isa = PBXGroup;
			children = (
				C28998522BA3016C005A681E /* Creneau.swift */,
			);
			path = Models;
			sourceTree = "<group>";
		};
		C289984E2BA2FBD8005A681E /* ViewModels */ = {
			isa = PBXGroup;
			children = (
				C28998542BA30554005A681E /* CalendarViewModel.swift */,
			);
			path = ViewModels;
			sourceTree = "<group>";
		};
		C289984F2BA2FBEA005A681E /* Networking */ = {
			isa = PBXGroup;
			children = (
				C28998502BA2FCAC005A681E /* PlanningService.swift */,
			);
			path = Networking;
			sourceTree = "<group>";
		};
		C28998562BA306A5005A681E /* Controller */ = {
			isa = PBXGroup;
			children = (
				C289982B2BA22128005A681E /* DatePickerController.swift */,
				C289982A2BA22128005A681E /* CustomCalendarExampleController.swift */,
			);
			path = Controller;
			sourceTree = "<group>";
		};
		C28998592BA48985005A681E /* Forum */ = {
			isa = PBXGroup;
			children = (
				C28998682BA48C52005A681E /* Networking */,
				C289985E2BA489C8005A681E /* Views */,
				C289985D2BA489BE005A681E /* ViewModels */,
				C289985C2BA489B1005A681E /* Models */,
			);
			path = Forum;
			sourceTree = "<group>";
		};
		C289985C2BA489B1005A681E /* Models */ = {
			isa = PBXGroup;
			children = (
				C28998602BA48A88005A681E /* Post.swift */,
				C28998622BA48AA0005A681E /* Like.swift */,
				C28998642BA48AC2005A681E /* Comment.swift */,
			);
			path = Models;
			sourceTree = "<group>";
		};
		C289985D2BA489BE005A681E /* ViewModels */ = {
			isa = PBXGroup;
			children = (
				C28998662BA48C2C005A681E /* ForumViewModel.swift */,
			);
			path = ViewModels;
			sourceTree = "<group>";
		};
		C289985E2BA489C8005A681E /* Views */ = {
			isa = PBXGroup;
			children = (
				C2BF7A6A2BA5D9F600CB30BA /* components */,
				C289986B2BA48D76005A681E /* FormView.swift */,
				C289986D2BA48DC8005A681E /* PostDetailView.swift */,
				C289986F2BA48DE2005A681E /* NewPostView.swift */,
				C2BF7A682BA5D6B900CB30BA /* PostView.swift */,
			);
			path = Views;
			sourceTree = "<group>";
		};
		C28998682BA48C52005A681E /* Networking */ = {
			isa = PBXGroup;
			children = (
				C28998692BA48C74005A681E /* ForumService.swift */,
			);
			path = Networking;
			sourceTree = "<group>";
		};
		C2BF7A6A2BA5D9F600CB30BA /* components */ = {
			isa = PBXGroup;
			children = (
				BFD6F4BE2BB3826400CFEA98 /* AnimateAvatar.swift */,
				C2BF7A6B2BA5ED2600CB30BA /* CommentView.swift */,
				C2BF7A6D2BA5F57200CB30BA /* CommentInputView.swift */,
				32C359952BB3FB670098541C /* AnimateAvatar.swift */,
			);
			path = components;
			sourceTree = "<group>";
		};
		C2BF7A852BA9E72800CB30BA /* Event */ = {
			isa = PBXGroup;
			children = (
				C2E5921F2BADF82E00DA3136 /* Networking */,
				C2E5921C2BADF79B00DA3136 /* Views */,
				C2BF7A882BA9E81900CB30BA /* ViewModels */,
				C2BF7A862BA9E77F00CB30BA /* Models */,
			);
			name = Event;
			path = "Soirée";
			sourceTree = "<group>";
		};
		C2BF7A862BA9E77F00CB30BA /* Models */ = {
			isa = PBXGroup;
			children = (
				C2BF7A8C2BA9E8D700CB30BA /* Soiree.swift */,
			);
			path = Models;
			sourceTree = "<group>";
		};
		C2BF7A882BA9E81900CB30BA /* ViewModels */ = {
			isa = PBXGroup;
			children = (
				C2BF7A8E2BA9EAA700CB30BA /* EventViewModel.swift */,
			);
			path = ViewModels;
			sourceTree = "<group>";
		};
		C2E5921C2BADF79B00DA3136 /* Views */ = {
			isa = PBXGroup;
			children = (
				C2E5921D2BADF7C500DA3136 /* SoireesListView.swift */,
				C2E592222BADFD5200DA3136 /* SoireeView.swift */,
				C2E592242BAEC96200DA3136 /* SoireeDetailView.swift */,
			);
			path = Views;
			sourceTree = "<group>";
		};
		C2E5921F2BADF82E00DA3136 /* Networking */ = {
			isa = PBXGroup;
			children = (
				C2E592202BADF85800DA3136 /* EventDataService.swift */,
			);
			path = Networking;
			sourceTree = "<group>";
		};
/* End PBXGroup section */

/* Begin PBXNativeTarget section */
		C28997DB2BA0974D005A681E /* Projet_IOS_Ig4 */ = {
			isa = PBXNativeTarget;
			buildConfigurationList = C28998002BA0974F005A681E /* Build configuration list for PBXNativeTarget "Projet_IOS_Ig4" */;
			buildPhases = (
				C28997D82BA0974D005A681E /* Sources */,
				C28997D92BA0974D005A681E /* Frameworks */,
				C28997DA2BA0974D005A681E /* Resources */,
			);
			buildRules = (
			);
			dependencies = (
			);
			name = Projet_IOS_Ig4;
			packageProductDependencies = (
				C289982F2BA22258005A681E /* CalendarKit */,
				C289984A2BA2F106005A681E /* KeychainSwift */,
				C28998782BA49B29005A681E /* Alamofire */,
				C289987E2BA4C8BE005A681E /* RiveRuntime */,
			);
			productName = Projet_IOS_Ig4;
			productReference = C28997DC2BA0974D005A681E /* Projet_IOS_Ig4.app */;
			productType = "com.apple.product-type.application";
		};
		C28997EB2BA0974F005A681E /* Projet_IOS_Ig4Tests */ = {
			isa = PBXNativeTarget;
			buildConfigurationList = C28998032BA0974F005A681E /* Build configuration list for PBXNativeTarget "Projet_IOS_Ig4Tests" */;
			buildPhases = (
				C28997E82BA0974F005A681E /* Sources */,
				C28997E92BA0974F005A681E /* Frameworks */,
				C28997EA2BA0974F005A681E /* Resources */,
			);
			buildRules = (
			);
			dependencies = (
				C28997EE2BA0974F005A681E /* PBXTargetDependency */,
			);
			name = Projet_IOS_Ig4Tests;
			productName = Projet_IOS_Ig4Tests;
			productReference = C28997EC2BA0974F005A681E /* Projet_IOS_Ig4Tests.xctest */;
			productType = "com.apple.product-type.bundle.unit-test";
		};
		C28997F52BA0974F005A681E /* Projet_IOS_Ig4UITests */ = {
			isa = PBXNativeTarget;
			buildConfigurationList = C28998062BA0974F005A681E /* Build configuration list for PBXNativeTarget "Projet_IOS_Ig4UITests" */;
			buildPhases = (
				C28997F22BA0974F005A681E /* Sources */,
				C28997F32BA0974F005A681E /* Frameworks */,
				C28997F42BA0974F005A681E /* Resources */,
			);
			buildRules = (
			);
			dependencies = (
				C28997F82BA0974F005A681E /* PBXTargetDependency */,
			);
			name = Projet_IOS_Ig4UITests;
			productName = Projet_IOS_Ig4UITests;
			productReference = C28997F62BA0974F005A681E /* Projet_IOS_Ig4UITests.xctest */;
			productType = "com.apple.product-type.bundle.ui-testing";
		};
/* End PBXNativeTarget section */

/* Begin PBXProject section */
		C28997D42BA0974D005A681E /* Project object */ = {
			isa = PBXProject;
			attributes = {
				BuildIndependentTargetsInParallel = 1;
				LastSwiftUpdateCheck = 1530;
				LastUpgradeCheck = 1530;
				TargetAttributes = {
					C28997DB2BA0974D005A681E = {
						CreatedOnToolsVersion = 15.3;
					};
					C28997EB2BA0974F005A681E = {
						CreatedOnToolsVersion = 15.3;
						TestTargetID = C28997DB2BA0974D005A681E;
					};
					C28997F52BA0974F005A681E = {
						CreatedOnToolsVersion = 15.3;
						TestTargetID = C28997DB2BA0974D005A681E;
					};
				};
			};
			buildConfigurationList = C28997D72BA0974D005A681E /* Build configuration list for PBXProject "Projet_IOS_Ig4" */;
			compatibilityVersion = "Xcode 14.0";
			developmentRegion = en;
			hasScannedForEncodings = 0;
			knownRegions = (
				en,
				Base,
			);
			mainGroup = C28997D32BA0974D005A681E;
			packageReferences = (
				C28998272BA2208E005A681E /* XCRemoteSwiftPackageReference "CalendarKit" */,
				C28998492BA2F106005A681E /* XCRemoteSwiftPackageReference "keychain-swift" */,
				C28998772BA49B29005A681E /* XCRemoteSwiftPackageReference "Alamofire" */,
				C289987D2BA4C8BE005A681E /* XCRemoteSwiftPackageReference "rive-ios" */,
			);
			productRefGroup = C28997DD2BA0974D005A681E /* Products */;
			projectDirPath = "";
			projectRoot = "";
			targets = (
				C28997DB2BA0974D005A681E /* Projet_IOS_Ig4 */,
				C28997EB2BA0974F005A681E /* Projet_IOS_Ig4Tests */,
				C28997F52BA0974F005A681E /* Projet_IOS_Ig4UITests */,
			);
		};
/* End PBXProject section */

/* Begin PBXResourcesBuildPhase section */
		C28997DA2BA0974D005A681E /* Resources */ = {
			isa = PBXResourcesBuildPhase;
			buildActionMask = 2147483647;
			files = (
				C22ED5D02BB3807000106C44 /* walking_working.riv in Resources */,
				C28997E72BA0974E005A681E /* Preview Assets.xcassets in Resources */,
				C22ED5BB2BB3807000106C44 /* 404_cat.riv in Resources */,
				C22ED5C12BB3807000106C44 /* skin_demo_2.riv in Resources */,
				C22ED5C42BB3807000106C44 /* chess.riv in Resources */,
				C22ED5BE2BB3807000106C44 /* hey_ho_let's_go!.riv in Resources */,
				C22ED5C92BB3807000106C44 /* light_like.riv in Resources */,
				C22ED5BF2BB3807000106C44 /* noonnap.riv in Resources */,
				C22ED5BC2BB3807000106C44 /* avatar_pack_use_case.riv in Resources */,
				C22ED5C72BB3807000106C44 /* confetti.riv in Resources */,
				C22ED5C32BB3807000106C44 /* check.riv in Resources */,
				C22ED5BD2BB3807000106C44 /* game_charecter.riv in Resources */,
				C22ED5CF2BB3807000106C44 /* switch.riv in Resources */,
				C22ED5C82BB3807000106C44 /* house.riv in Resources */,
				C22ED5CC2BB3807000106C44 /* nqueens.riv in Resources */,
				C28997E42BA0974E005A681E /* Assets.xcassets in Resources */,
				C22ED5C02BB3807000106C44 /* sith_de_mayo.riv in Resources */,
				C22ED5CD2BB3807000106C44 /* shapes.riv in Resources */,
				C22ED5C52BB3807000106C44 /* chess2.riv in Resources */,
				C22ED51D2BB228AD00106C44 /* backgroundVideo.mp4 in Resources */,
				C22ED5CB2BB3807000106C44 /* new_file.riv in Resources */,
				C22ED5C22BB3807000106C44 /* button.riv in Resources */,
				C22ED5CE2BB3807000106C44 /* start_button.riv in Resources */,
				C22ED5CA2BB3807000106C44 /* menu_button.riv in Resources */,
				C22ED5C62BB3807000106C44 /* chessactiontest.riv in Resources */,
			);
			runOnlyForDeploymentPostprocessing = 0;
		};
		C28997EA2BA0974F005A681E /* Resources */ = {
			isa = PBXResourcesBuildPhase;
			buildActionMask = 2147483647;
			files = (
			);
			runOnlyForDeploymentPostprocessing = 0;
		};
		C28997F42BA0974F005A681E /* Resources */ = {
			isa = PBXResourcesBuildPhase;
			buildActionMask = 2147483647;
			files = (
			);
			runOnlyForDeploymentPostprocessing = 0;
		};
/* End PBXResourcesBuildPhase section */

/* Begin PBXSourcesBuildPhase section */
		C28997D82BA0974D005A681E /* Sources */ = {
			isa = PBXSourcesBuildPhase;
			buildActionMask = 2147483647;
			files = (
				C289982D2BA22128005A681E /* CustomCalendarExampleController.swift in Sources */,
				C2E592232BADFD5200DA3136 /* SoireeView.swift in Sources */,
				C28998612BA48A88005A681E /* Post.swift in Sources */,
				C22ED5282BB2291700106C44 /* ImagePicker.swift in Sources */,
				C28998212BA09B3C005A681E /* RegisterView.swift in Sources */,
				C28998482BA2F022005A681E /* SessionManager.swift in Sources */,
				C28998512BA2FCAC005A681E /* PlanningService.swift in Sources */,
				C22279242BAB629F00B9B55C /* AddHousingOfferView.swift in Sources */,
				BFD6F4C32BB570B500CFEA98 /* HouseEventView.swift in Sources */,
				32C359962BB3FB670098541C /* AnimateAvatar.swift in Sources */,
				C289983A2BA226A6005A681E /* Decoration+SwiftUI.swift in Sources */,
				C22ED5862BB37E8000106C44 /* PosteService.swift in Sources */,
				C22ED5792BB37E7300106C44 /* CircularProgressView.swift in Sources */,
				BFD6F4C12BB56D8100CFEA98 /* HouseFestivalView.swift in Sources */,
				C2BF7A692BA5D6B900CB30BA /* PostView.swift in Sources */,
				C22ED52B2BB2291700106C44 /* FAQView.swift in Sources */,
				C28998392BA226A6005A681E /* CalendarView.swift in Sources */,
				BFD6F4C52BB5735900CFEA98 /* HouseGamesView.swift in Sources */,
				32E5FED82BB4C61600CBB346 /* GameDetailView.swift in Sources */,
				C22ED5272BB2291700106C44 /* ProfileView.swift in Sources */,
				C2E592172BADD6C700DA3136 /* HousingCell.swift in Sources */,
				C222790A2BAB5B8500B9B55C /* HousingViewModel.swift in Sources */,
				C22ED5772BB37E7300106C44 /* FestivalService.swift in Sources */,
				C28998552BA30554005A681E /* CalendarViewModel.swift in Sources */,
				C2BF7A6C2BA5ED2600CB30BA /* CommentView.swift in Sources */,
				C28997E22BA0974D005A681E /* ContentView.swift in Sources */,
				C289981D2BA0994D005A681E /* LoginView.swift in Sources */,
				C22ED5262BB2291700106C44 /* LogoOverlayView.swift in Sources */,
				C22ED52D2BB22A4900106C44 /* VideoBackGroundView.swift in Sources */,
				C28998142BA09804005A681E /* AuthToken.swift in Sources */,
				C22ED5762BB37E7300106C44 /* Festival.swift in Sources */,
				C2BF7A6E2BA5F57200CB30BA /* CommentInputView.swift in Sources */,
				C22ED5782BB37E7300106C44 /* FestivalViewModel.swift in Sources */,
				C222790C2BAB5BCD00B9B55C /* HousingView.swift in Sources */,
				C289986E2BA48DC8005A681E /* PostDetailView.swift in Sources */,
				C22ED5292BB2291700106C44 /* HouseView.swift in Sources */,
				C28998242BA1A22D005A681E /* CustomButton.swift in Sources */,
				C289981F2BA09B25005A681E /* RegisterViewModel.swift in Sources */,
				C28998872BA4D40E005A681E /* ZombieWalking.swift in Sources */,
				C22ED52A2BB2291700106C44 /* ContactUsView.swift in Sources */,
				C28998632BA48AA0005A681E /* Like.swift in Sources */,
				C289981A2BA09901005A681E /* LoginViewModel.swift in Sources */,
				C22279082BAB5B6000B9B55C /* Housing.swift in Sources */,
				C2E5921E2BADF7C500DA3136 /* SoireesListView.swift in Sources */,
				C28998172BA0989C005A681E /* AuthService.swift in Sources */,
				C22ED5852BB37E8000106C44 /* Poste.swift in Sources */,
				C22ED57B2BB37E7300106C44 /* SignupFestivalView.swift in Sources */,
				C28998762BA4986D005A681E /* VCard.swift in Sources */,
				C28997E02BA0974D005A681E /* Projet_IOS_Ig4App.swift in Sources */,
				C22ED5872BB37E8000106C44 /* PosteViewModel.swift in Sources */,
				C28998452BA2E961005A681E /* APIManager.swift in Sources */,
				C22ED52F2BB22ABC00106C44 /* BackGroundView.swift in Sources */,
				BFD6F4BF2BB3826400CFEA98 /* AnimateAvatar.swift in Sources */,
				C289982E2BA22128005A681E /* DatePickerController.swift in Sources */,
				C289986A2BA48C74005A681E /* ForumService.swift in Sources */,
				C22ED5882BB37E8000106C44 /* PosteView.swift in Sources */,
				C28998652BA48AC2005A681E /* Comment.swift in Sources */,
				C2BF7A8F2BA9EAA700CB30BA /* EventViewModel.swift in Sources */,
				C2BF7A8D2BA9E8D700CB30BA /* Soiree.swift in Sources */,
				C28998672BA48C2C005A681E /* ForumViewModel.swift in Sources */,
				C2E592252BAEC96200DA3136 /* SoireeDetailView.swift in Sources */,
				C28998322BA2235E005A681E /* CalendarKitView.swift in Sources */,
				C289983C2BA229F9005A681E /* CalendarContainerView.swift in Sources */,
				C289986C2BA48D76005A681E /* FormView.swift in Sources */,
				C22279272BAB63FA00B9B55C /* HousingService.swift in Sources */,
				C28998122BA097EE005A681E /* User.swift in Sources */,
				C22ED5312BB22BD600106C44 /* MailView.swift in Sources */,
				C28998702BA48DE2005A681E /* NewPostView.swift in Sources */,
				C289988C2BA4DACF005A681E /* AccueilView.swift in Sources */,
				32E5FED32BB4BCF100CBB346 /* GameViewModel.swift in Sources */,
				C22279222BAB620400B9B55C /* HousingDetailView.swift in Sources */,
				C28998532BA3016C005A681E /* Creneau.swift in Sources */,
				C22ED58A2BB37F4300106C44 /* DateUtils.swift in Sources */,
				C2E592212BADF85800DA3136 /* EventDataService.swift in Sources */,
				C28998812BA4C8E0005A681E /* testRive.swift in Sources */,
			);
			runOnlyForDeploymentPostprocessing = 0;
		};
		C28997E82BA0974F005A681E /* Sources */ = {
			isa = PBXSourcesBuildPhase;
			buildActionMask = 2147483647;
			files = (
				C28997F12BA0974F005A681E /* Projet_IOS_Ig4Tests.swift in Sources */,
			);
			runOnlyForDeploymentPostprocessing = 0;
		};
		C28997F22BA0974F005A681E /* Sources */ = {
			isa = PBXSourcesBuildPhase;
			buildActionMask = 2147483647;
			files = (
				C28997FB2BA0974F005A681E /* Projet_IOS_Ig4UITests.swift in Sources */,
				C28997FD2BA0974F005A681E /* Projet_IOS_Ig4UITestsLaunchTests.swift in Sources */,
			);
			runOnlyForDeploymentPostprocessing = 0;
		};
/* End PBXSourcesBuildPhase section */

/* Begin PBXTargetDependency section */
		C28997EE2BA0974F005A681E /* PBXTargetDependency */ = {
			isa = PBXTargetDependency;
			target = C28997DB2BA0974D005A681E /* Projet_IOS_Ig4 */;
			targetProxy = C28997ED2BA0974F005A681E /* PBXContainerItemProxy */;
		};
		C28997F82BA0974F005A681E /* PBXTargetDependency */ = {
			isa = PBXTargetDependency;
			target = C28997DB2BA0974D005A681E /* Projet_IOS_Ig4 */;
			targetProxy = C28997F72BA0974F005A681E /* PBXContainerItemProxy */;
		};
/* End PBXTargetDependency section */

/* Begin XCBuildConfiguration section */
		C28997FE2BA0974F005A681E /* Debug */ = {
			isa = XCBuildConfiguration;
			buildSettings = {
				ALWAYS_SEARCH_USER_PATHS = NO;
				ASSETCATALOG_COMPILER_GENERATE_SWIFT_ASSET_SYMBOL_EXTENSIONS = YES;
				CLANG_ANALYZER_NONNULL = YES;
				CLANG_ANALYZER_NUMBER_OBJECT_CONVERSION = YES_AGGRESSIVE;
				CLANG_CXX_LANGUAGE_STANDARD = "gnu++20";
				CLANG_ENABLE_MODULES = YES;
				CLANG_ENABLE_OBJC_ARC = YES;
				CLANG_ENABLE_OBJC_WEAK = YES;
				CLANG_WARN_BLOCK_CAPTURE_AUTORELEASING = YES;
				CLANG_WARN_BOOL_CONVERSION = YES;
				CLANG_WARN_COMMA = YES;
				CLANG_WARN_CONSTANT_CONVERSION = YES;
				CLANG_WARN_DEPRECATED_OBJC_IMPLEMENTATIONS = YES;
				CLANG_WARN_DIRECT_OBJC_ISA_USAGE = YES_ERROR;
				CLANG_WARN_DOCUMENTATION_COMMENTS = YES;
				CLANG_WARN_EMPTY_BODY = YES;
				CLANG_WARN_ENUM_CONVERSION = YES;
				CLANG_WARN_INFINITE_RECURSION = YES;
				CLANG_WARN_INT_CONVERSION = YES;
				CLANG_WARN_NON_LITERAL_NULL_CONVERSION = YES;
				CLANG_WARN_OBJC_IMPLICIT_RETAIN_SELF = YES;
				CLANG_WARN_OBJC_LITERAL_CONVERSION = YES;
				CLANG_WARN_OBJC_ROOT_CLASS = YES_ERROR;
				CLANG_WARN_QUOTED_INCLUDE_IN_FRAMEWORK_HEADER = YES;
				CLANG_WARN_RANGE_LOOP_ANALYSIS = YES;
				CLANG_WARN_STRICT_PROTOTYPES = YES;
				CLANG_WARN_SUSPICIOUS_MOVE = YES;
				CLANG_WARN_UNGUARDED_AVAILABILITY = YES_AGGRESSIVE;
				CLANG_WARN_UNREACHABLE_CODE = YES;
				CLANG_WARN__DUPLICATE_METHOD_MATCH = YES;
				COPY_PHASE_STRIP = NO;
				DEBUG_INFORMATION_FORMAT = dwarf;
				ENABLE_STRICT_OBJC_MSGSEND = YES;
				ENABLE_TESTABILITY = YES;
				ENABLE_USER_SCRIPT_SANDBOXING = YES;
				GCC_C_LANGUAGE_STANDARD = gnu17;
				GCC_DYNAMIC_NO_PIC = NO;
				GCC_NO_COMMON_BLOCKS = YES;
				GCC_OPTIMIZATION_LEVEL = 0;
				GCC_PREPROCESSOR_DEFINITIONS = (
					"DEBUG=1",
					"$(inherited)",
				);
				GCC_WARN_64_TO_32_BIT_CONVERSION = YES;
				GCC_WARN_ABOUT_RETURN_TYPE = YES_ERROR;
				GCC_WARN_UNDECLARED_SELECTOR = YES;
				GCC_WARN_UNINITIALIZED_AUTOS = YES_AGGRESSIVE;
				GCC_WARN_UNUSED_FUNCTION = YES;
				GCC_WARN_UNUSED_VARIABLE = YES;
				IPHONEOS_DEPLOYMENT_TARGET = 17.4;
				LOCALIZATION_PREFERS_STRING_CATALOGS = YES;
				MTL_ENABLE_DEBUG_INFO = INCLUDE_SOURCE;
				MTL_FAST_MATH = YES;
				ONLY_ACTIVE_ARCH = YES;
				SDKROOT = iphoneos;
				SWIFT_ACTIVE_COMPILATION_CONDITIONS = "DEBUG $(inherited)";
				SWIFT_OPTIMIZATION_LEVEL = "-Onone";
			};
			name = Debug;
		};
		C28997FF2BA0974F005A681E /* Release */ = {
			isa = XCBuildConfiguration;
			buildSettings = {
				ALWAYS_SEARCH_USER_PATHS = NO;
				ASSETCATALOG_COMPILER_GENERATE_SWIFT_ASSET_SYMBOL_EXTENSIONS = YES;
				CLANG_ANALYZER_NONNULL = YES;
				CLANG_ANALYZER_NUMBER_OBJECT_CONVERSION = YES_AGGRESSIVE;
				CLANG_CXX_LANGUAGE_STANDARD = "gnu++20";
				CLANG_ENABLE_MODULES = YES;
				CLANG_ENABLE_OBJC_ARC = YES;
				CLANG_ENABLE_OBJC_WEAK = YES;
				CLANG_WARN_BLOCK_CAPTURE_AUTORELEASING = YES;
				CLANG_WARN_BOOL_CONVERSION = YES;
				CLANG_WARN_COMMA = YES;
				CLANG_WARN_CONSTANT_CONVERSION = YES;
				CLANG_WARN_DEPRECATED_OBJC_IMPLEMENTATIONS = YES;
				CLANG_WARN_DIRECT_OBJC_ISA_USAGE = YES_ERROR;
				CLANG_WARN_DOCUMENTATION_COMMENTS = YES;
				CLANG_WARN_EMPTY_BODY = YES;
				CLANG_WARN_ENUM_CONVERSION = YES;
				CLANG_WARN_INFINITE_RECURSION = YES;
				CLANG_WARN_INT_CONVERSION = YES;
				CLANG_WARN_NON_LITERAL_NULL_CONVERSION = YES;
				CLANG_WARN_OBJC_IMPLICIT_RETAIN_SELF = YES;
				CLANG_WARN_OBJC_LITERAL_CONVERSION = YES;
				CLANG_WARN_OBJC_ROOT_CLASS = YES_ERROR;
				CLANG_WARN_QUOTED_INCLUDE_IN_FRAMEWORK_HEADER = YES;
				CLANG_WARN_RANGE_LOOP_ANALYSIS = YES;
				CLANG_WARN_STRICT_PROTOTYPES = YES;
				CLANG_WARN_SUSPICIOUS_MOVE = YES;
				CLANG_WARN_UNGUARDED_AVAILABILITY = YES_AGGRESSIVE;
				CLANG_WARN_UNREACHABLE_CODE = YES;
				CLANG_WARN__DUPLICATE_METHOD_MATCH = YES;
				COPY_PHASE_STRIP = NO;
				DEBUG_INFORMATION_FORMAT = "dwarf-with-dsym";
				ENABLE_NS_ASSERTIONS = NO;
				ENABLE_STRICT_OBJC_MSGSEND = YES;
				ENABLE_USER_SCRIPT_SANDBOXING = YES;
				GCC_C_LANGUAGE_STANDARD = gnu17;
				GCC_NO_COMMON_BLOCKS = YES;
				GCC_WARN_64_TO_32_BIT_CONVERSION = YES;
				GCC_WARN_ABOUT_RETURN_TYPE = YES_ERROR;
				GCC_WARN_UNDECLARED_SELECTOR = YES;
				GCC_WARN_UNINITIALIZED_AUTOS = YES_AGGRESSIVE;
				GCC_WARN_UNUSED_FUNCTION = YES;
				GCC_WARN_UNUSED_VARIABLE = YES;
				IPHONEOS_DEPLOYMENT_TARGET = 17.4;
				LOCALIZATION_PREFERS_STRING_CATALOGS = YES;
				MTL_ENABLE_DEBUG_INFO = NO;
				MTL_FAST_MATH = YES;
				SDKROOT = iphoneos;
				SWIFT_COMPILATION_MODE = wholemodule;
				VALIDATE_PRODUCT = YES;
			};
			name = Release;
		};
		C28998012BA0974F005A681E /* Debug */ = {
			isa = XCBuildConfiguration;
			buildSettings = {
				ASSETCATALOG_COMPILER_APPICON_NAME = AppIcon;
				ASSETCATALOG_COMPILER_GLOBAL_ACCENT_COLOR_NAME = AccentColor;
				CODE_SIGN_STYLE = Automatic;
				CURRENT_PROJECT_VERSION = 1;
				DEVELOPMENT_ASSET_PATHS = "\"Projet_IOS_Ig4/Preview Content\"";
				DEVELOPMENT_TEAM = 3Q95PLX65V;
				ENABLE_PREVIEWS = YES;
				GENERATE_INFOPLIST_FILE = YES;
				INFOPLIST_KEY_UIApplicationSceneManifest_Generation = YES;
				INFOPLIST_KEY_UIApplicationSupportsIndirectInputEvents = YES;
				INFOPLIST_KEY_UILaunchScreen_Generation = YES;
				INFOPLIST_KEY_UISupportedInterfaceOrientations_iPad = "UIInterfaceOrientationPortrait UIInterfaceOrientationPortraitUpsideDown UIInterfaceOrientationLandscapeLeft UIInterfaceOrientationLandscapeRight";
				INFOPLIST_KEY_UISupportedInterfaceOrientations_iPhone = "UIInterfaceOrientationPortrait UIInterfaceOrientationLandscapeLeft UIInterfaceOrientationLandscapeRight";
				IPHONEOS_DEPLOYMENT_TARGET = 17.3;
				LD_RUNPATH_SEARCH_PATHS = (
					"$(inherited)",
					"@executable_path/Frameworks",
				);
				MARKETING_VERSION = 1.0;
				PRODUCT_BUNDLE_IDENTIFIER = "Lucas.Projet-IOS-Ig4";
				PRODUCT_NAME = "$(TARGET_NAME)";
				SWIFT_EMIT_LOC_STRINGS = YES;
				SWIFT_VERSION = 5.0;
				TARGETED_DEVICE_FAMILY = "1,2";
			};
			name = Debug;
		};
		C28998022BA0974F005A681E /* Release */ = {
			isa = XCBuildConfiguration;
			buildSettings = {
				ASSETCATALOG_COMPILER_APPICON_NAME = AppIcon;
				ASSETCATALOG_COMPILER_GLOBAL_ACCENT_COLOR_NAME = AccentColor;
				CODE_SIGN_STYLE = Automatic;
				CURRENT_PROJECT_VERSION = 1;
				DEVELOPMENT_ASSET_PATHS = "\"Projet_IOS_Ig4/Preview Content\"";
				DEVELOPMENT_TEAM = 3Q95PLX65V;
				ENABLE_PREVIEWS = YES;
				GENERATE_INFOPLIST_FILE = YES;
				INFOPLIST_KEY_UIApplicationSceneManifest_Generation = YES;
				INFOPLIST_KEY_UIApplicationSupportsIndirectInputEvents = YES;
				INFOPLIST_KEY_UILaunchScreen_Generation = YES;
				INFOPLIST_KEY_UISupportedInterfaceOrientations_iPad = "UIInterfaceOrientationPortrait UIInterfaceOrientationPortraitUpsideDown UIInterfaceOrientationLandscapeLeft UIInterfaceOrientationLandscapeRight";
				INFOPLIST_KEY_UISupportedInterfaceOrientations_iPhone = "UIInterfaceOrientationPortrait UIInterfaceOrientationLandscapeLeft UIInterfaceOrientationLandscapeRight";
				IPHONEOS_DEPLOYMENT_TARGET = 17.3;
				LD_RUNPATH_SEARCH_PATHS = (
					"$(inherited)",
					"@executable_path/Frameworks",
				);
				MARKETING_VERSION = 1.0;
				PRODUCT_BUNDLE_IDENTIFIER = "Lucas.Projet-IOS-Ig4";
				PRODUCT_NAME = "$(TARGET_NAME)";
				SWIFT_EMIT_LOC_STRINGS = YES;
				SWIFT_VERSION = 5.0;
				TARGETED_DEVICE_FAMILY = "1,2";
			};
			name = Release;
		};
		C28998042BA0974F005A681E /* Debug */ = {
			isa = XCBuildConfiguration;
			buildSettings = {
				ALWAYS_EMBED_SWIFT_STANDARD_LIBRARIES = YES;
				BUNDLE_LOADER = "$(TEST_HOST)";
				CODE_SIGN_STYLE = Automatic;
				CURRENT_PROJECT_VERSION = 1;
				DEVELOPMENT_TEAM = Z3AQFUWRS9;
				GENERATE_INFOPLIST_FILE = YES;
				IPHONEOS_DEPLOYMENT_TARGET = 17.4;
				MARKETING_VERSION = 1.0;
				PRODUCT_BUNDLE_IDENTIFIER = "vincent.Projet-IOS-Ig4Tests";
				PRODUCT_NAME = "$(TARGET_NAME)";
				SWIFT_EMIT_LOC_STRINGS = NO;
				SWIFT_VERSION = 5.0;
				TARGETED_DEVICE_FAMILY = "1,2";
				TEST_HOST = "$(BUILT_PRODUCTS_DIR)/Projet_IOS_Ig4.app/$(BUNDLE_EXECUTABLE_FOLDER_PATH)/Projet_IOS_Ig4";
			};
			name = Debug;
		};
		C28998052BA0974F005A681E /* Release */ = {
			isa = XCBuildConfiguration;
			buildSettings = {
				ALWAYS_EMBED_SWIFT_STANDARD_LIBRARIES = YES;
				BUNDLE_LOADER = "$(TEST_HOST)";
				CODE_SIGN_STYLE = Automatic;
				CURRENT_PROJECT_VERSION = 1;
				DEVELOPMENT_TEAM = Z3AQFUWRS9;
				GENERATE_INFOPLIST_FILE = YES;
				IPHONEOS_DEPLOYMENT_TARGET = 17.4;
				MARKETING_VERSION = 1.0;
				PRODUCT_BUNDLE_IDENTIFIER = "vincent.Projet-IOS-Ig4Tests";
				PRODUCT_NAME = "$(TARGET_NAME)";
				SWIFT_EMIT_LOC_STRINGS = NO;
				SWIFT_VERSION = 5.0;
				TARGETED_DEVICE_FAMILY = "1,2";
				TEST_HOST = "$(BUILT_PRODUCTS_DIR)/Projet_IOS_Ig4.app/$(BUNDLE_EXECUTABLE_FOLDER_PATH)/Projet_IOS_Ig4";
			};
			name = Release;
		};
		C28998072BA0974F005A681E /* Debug */ = {
			isa = XCBuildConfiguration;
			buildSettings = {
				ALWAYS_EMBED_SWIFT_STANDARD_LIBRARIES = YES;
				CODE_SIGN_STYLE = Automatic;
				CURRENT_PROJECT_VERSION = 1;
				DEVELOPMENT_TEAM = Z3AQFUWRS9;
				GENERATE_INFOPLIST_FILE = YES;
				MARKETING_VERSION = 1.0;
				PRODUCT_BUNDLE_IDENTIFIER = "vincent.Projet-IOS-Ig4UITests";
				PRODUCT_NAME = "$(TARGET_NAME)";
				SWIFT_EMIT_LOC_STRINGS = NO;
				SWIFT_VERSION = 5.0;
				TARGETED_DEVICE_FAMILY = "1,2";
				TEST_TARGET_NAME = Projet_IOS_Ig4;
			};
			name = Debug;
		};
		C28998082BA0974F005A681E /* Release */ = {
			isa = XCBuildConfiguration;
			buildSettings = {
				ALWAYS_EMBED_SWIFT_STANDARD_LIBRARIES = YES;
				CODE_SIGN_STYLE = Automatic;
				CURRENT_PROJECT_VERSION = 1;
				DEVELOPMENT_TEAM = Z3AQFUWRS9;
				GENERATE_INFOPLIST_FILE = YES;
				MARKETING_VERSION = 1.0;
				PRODUCT_BUNDLE_IDENTIFIER = "vincent.Projet-IOS-Ig4UITests";
				PRODUCT_NAME = "$(TARGET_NAME)";
				SWIFT_EMIT_LOC_STRINGS = NO;
				SWIFT_VERSION = 5.0;
				TARGETED_DEVICE_FAMILY = "1,2";
				TEST_TARGET_NAME = Projet_IOS_Ig4;
			};
			name = Release;
		};
/* End XCBuildConfiguration section */

/* Begin XCConfigurationList section */
		C28997D72BA0974D005A681E /* Build configuration list for PBXProject "Projet_IOS_Ig4" */ = {
			isa = XCConfigurationList;
			buildConfigurations = (
				C28997FE2BA0974F005A681E /* Debug */,
				C28997FF2BA0974F005A681E /* Release */,
			);
			defaultConfigurationIsVisible = 0;
			defaultConfigurationName = Release;
		};
		C28998002BA0974F005A681E /* Build configuration list for PBXNativeTarget "Projet_IOS_Ig4" */ = {
			isa = XCConfigurationList;
			buildConfigurations = (
				C28998012BA0974F005A681E /* Debug */,
				C28998022BA0974F005A681E /* Release */,
			);
			defaultConfigurationIsVisible = 0;
			defaultConfigurationName = Release;
		};
		C28998032BA0974F005A681E /* Build configuration list for PBXNativeTarget "Projet_IOS_Ig4Tests" */ = {
			isa = XCConfigurationList;
			buildConfigurations = (
				C28998042BA0974F005A681E /* Debug */,
				C28998052BA0974F005A681E /* Release */,
			);
			defaultConfigurationIsVisible = 0;
			defaultConfigurationName = Release;
		};
		C28998062BA0974F005A681E /* Build configuration list for PBXNativeTarget "Projet_IOS_Ig4UITests" */ = {
			isa = XCConfigurationList;
			buildConfigurations = (
				C28998072BA0974F005A681E /* Debug */,
				C28998082BA0974F005A681E /* Release */,
			);
			defaultConfigurationIsVisible = 0;
			defaultConfigurationName = Release;
		};
/* End XCConfigurationList section */

/* Begin XCRemoteSwiftPackageReference section */
		C28998272BA2208E005A681E /* XCRemoteSwiftPackageReference "CalendarKit" */ = {
			isa = XCRemoteSwiftPackageReference;
			repositoryURL = "https://github.com/richardtop/CalendarKit.git";
			requirement = {
				kind = upToNextMajorVersion;
				minimumVersion = 1.1.10;
			};
		};
		C28998492BA2F106005A681E /* XCRemoteSwiftPackageReference "keychain-swift" */ = {
			isa = XCRemoteSwiftPackageReference;
			repositoryURL = "https://github.com/evgenyneu/keychain-swift.git";
			requirement = {
				kind = upToNextMajorVersion;
				minimumVersion = 21.0.0;
			};
		};
		C28998772BA49B29005A681E /* XCRemoteSwiftPackageReference "Alamofire" */ = {
			isa = XCRemoteSwiftPackageReference;
			repositoryURL = "https://github.com/Alamofire/Alamofire.git";
			requirement = {
				kind = upToNextMajorVersion;
				minimumVersion = 5.9.0;
			};
		};
		C289987D2BA4C8BE005A681E /* XCRemoteSwiftPackageReference "rive-ios" */ = {
			isa = XCRemoteSwiftPackageReference;
			repositoryURL = "https://github.com/rive-app/rive-ios";
			requirement = {
				kind = upToNextMajorVersion;
				minimumVersion = 5.9.1;
			};
		};
/* End XCRemoteSwiftPackageReference section */

/* Begin XCSwiftPackageProductDependency section */
		C289982F2BA22258005A681E /* CalendarKit */ = {
			isa = XCSwiftPackageProductDependency;
			package = C28998272BA2208E005A681E /* XCRemoteSwiftPackageReference "CalendarKit" */;
			productName = CalendarKit;
		};
		C289984A2BA2F106005A681E /* KeychainSwift */ = {
			isa = XCSwiftPackageProductDependency;
			package = C28998492BA2F106005A681E /* XCRemoteSwiftPackageReference "keychain-swift" */;
			productName = KeychainSwift;
		};
		C28998782BA49B29005A681E /* Alamofire */ = {
			isa = XCSwiftPackageProductDependency;
			package = C28998772BA49B29005A681E /* XCRemoteSwiftPackageReference "Alamofire" */;
			productName = Alamofire;
		};
		C289987E2BA4C8BE005A681E /* RiveRuntime */ = {
			isa = XCSwiftPackageProductDependency;
			package = C289987D2BA4C8BE005A681E /* XCRemoteSwiftPackageReference "rive-ios" */;
			productName = RiveRuntime;
		};
/* End XCSwiftPackageProductDependency section */
	};
	rootObject = C28997D42BA0974D005A681E /* Project object */;
}
