{
<<<<<<< HEAD
  "originHash" : "57fb330f7ee0165676411f4b6c2128f87bf30919930f86ba8516cac0b88d467c",
=======
  "originHash" : "717ab1635408b8d66bc8cecdf8e2a472a02f4a7554c7e275f12ce79d94c4ad5c",
>>>>>>> FestivalDetail
  "pins" : [
    {
      "identity" : "alamofire",
      "kind" : "remoteSourceControl",
      "location" : "https://github.com/Alamofire/Alamofire.git",
      "state" : {
        "revision" : "723fa5a6c65812aec4a0d7cc432ee198883b6e00",
        "version" : "5.9.0"
      }
    },
    {
      "identity" : "calendarkit",
      "kind" : "remoteSourceControl",
      "location" : "https://github.com/richardtop/CalendarKit.git",
      "state" : {
        "revision" : "92684acdffb76941268b6627f894274754771e41",
        "version" : "1.1.10"
      }
    },
    {
      "identity" : "keychain-swift",
      "kind" : "remoteSourceControl",
      "location" : "https://github.com/evgenyneu/keychain-swift.git",
      "state" : {
        "revision" : "265806607b45687a3d646e4c9837c31c90f202e8",
        "version" : "21.0.0"
      }
    },
    {
      "identity" : "rive-ios",
      "kind" : "remoteSourceControl",
      "location" : "https://github.com/rive-app/rive-ios",
      "state" : {
        "revision" : "b59607519432ee048130c6520acce5c8a7f5c06c",
        "version" : "5.9.1"
      }
    }
  ],
  "version" : 3
}
